Microsoft Visual Studio Solution File, Format Version 12.00
# Visual Studio 2012
Project("{2150E333-8FDC-42A3-9474-1A3956D46DE8}") = "Part 1-Basics", "Part 1-Basics", "{61A46D98-2831-4C5A-8BF3-96274F684D0A}"
EndProject
Project("{FAE04EC0-301F-11D3-BF4B-00C04F79EFBC}") = "Ch01-1-SomeLibrary", "Ch01-1-SomeLibrary.csproj", "{03634A5F-09FF-47D5-8BAF-3430B87561D8}"
EndProject
Project("{FAE04EC0-301F-11D3-BF4B-00C04F79EFBC}") = "Ch01-2-TypeMembersToIL", "Ch01-2-TypeMembersToIL.csproj", "{124DDBD4-517F-4BCE-B043-AA1D8800EB80}"
EndProject
Project("{FAE04EC0-301F-11D3-BF4B-00C04F79EFBC}") = "Ch02-1-SimpleProgram", "Ch02-1-SimpleProgram.csproj", "{CE20198E-6095-4BFC-B351-D2426081E687}"
EndProject
Project("{FAE04EC0-301F-11D3-BF4B-00C04F79EFBC}") = "Ch02-2-Minimum MSCorLib", "Ch02-2-Minimum MSCorLib.csproj", "{8FABA5DA-DF09-4A97-86B1-EEF2DB24D36E}"
EndProject
Project("{2150E333-8FDC-42A3-9474-1A3956D46DE8}") = "Ch02-3-MultiFileLibrary", "Ch02-3-MultiFileLibrary", "{AC5A77E7-5C95-4776-A668-ACA75FEAE4ED}"
	ProjectSection(SolutionItems) = preProject
		Ch02-3-AssemblyVersionInfo.cs = Ch02-3-AssemblyVersionInfo.cs
		Ch02-3-BuildMultiFileLibrary.bat = Ch02-3-BuildMultiFileLibrary.bat
		Ch02-3-FUT.cs = Ch02-3-FUT.cs
		Ch02-3-RUT.cs = Ch02-3-RUT.cs
	EndProjectSection
EndProject
Project("{2150E333-8FDC-42A3-9474-1A3956D46DE8}") = "Part 2-Designing Types", "Part 2-Designing Types", "{BF36391F-5AED-4553-98F3-58FE4419D8DA}"
EndProject
Project("{FAE04EC0-301F-11D3-BF4B-00C04F79EFBC}") = "Ch04-1-Type Fundamentals", "Ch04-1-Type Fundamentals.csproj", "{F6E2F875-FA2A-4263-BAC7-103BDD2DBFD0}"
EndProject
Project("{FAE04EC0-301F-11D3-BF4B-00C04F79EFBC}") = "Ch05-1-PrimitveReferenceValueTypes", "Ch05-1-PrimitveReferenceValueTypes.csproj", "{8A705576-BC44-461E-995C-5A296DC93CEB}"
EndProject
Project("{FAE04EC0-301F-11D3-BF4B-00C04F79EFBC}") = "Ch06-1-TypeMembers", "Ch06-1-TypeMembers.csproj", "{A6983BC1-0D5A-487A-AE8E-C33F3FE79853}"
EndProject
Project("{FAE04EC0-301F-11D3-BF4B-00C04F79EFBC}") = "Ch07-1-LibraryDefiningConstant", "Ch07-1-LibraryDefiningConstant.csproj", "{2E28E8B5-620F-465A-9D8F-D9FAE8AF97F4}"
EndProject
Project("{FAE04EC0-301F-11D3-BF4B-00C04F79EFBC}") = "Ch07-2-AppUsingLibraryConstant", "Ch07-2-AppUsingLibraryConstant.csproj", "{F76BDAF3-6A76-415D-B3BB-CD14E7AE1AFD}"
EndProject
Project("{FAE04EC0-301F-11D3-BF4B-00C04F79EFBC}") = "Ch07-3-LibraryDefiningReadOnlyField", "Ch07-3-LibraryDefiningReadOnlyField.csproj", "{1B6DDBC3-B59F-4150-9720-A6C1705ECF11}"
EndProject
Project("{FAE04EC0-301F-11D3-BF4B-00C04F79EFBC}") = "Ch07-4-AppUsingLibraryReadOnlyField", "Ch07-4-AppUsingLibraryReadOnlyField.csproj", "{0E9D85EC-4CD2-49B1-BBF0-DED41BB419A9}"
EndProject
Project("{FAE04EC0-301F-11D3-BF4B-00C04F79EFBC}") = "Ch07-5-Fields", "Ch07-5-Fields.csproj", "{6A10F850-1EB0-4E6D-AA7C-4A15A79DF5BA}"
EndProject
Project("{FAE04EC0-301F-11D3-BF4B-00C04F79EFBC}") = "Ch08-1-Methods", "Ch08-1-Methods.csproj", "{D9D7A4D1-AFD3-4448-B7B1-291AA3FA6F1D}"
EndProject
Project("{FAE04EC0-301F-11D3-BF4B-00C04F79EFBC}") = "Ch09-1-Parameters", "Ch09-1-Parameters.csproj", "{9B2DE75B-6430-4549-BD33-7A7DABCC8556}"
EndProject
Project("{FAE04EC0-301F-11D3-BF4B-00C04F79EFBC}") = "Ch10-1-Properties", "Ch10-1-Properties.csproj", "{7FD131AD-4A04-4127-99D2-50E5835D6DE5}"
EndProject
Project("{FAE04EC0-301F-11D3-BF4B-00C04F79EFBC}") = "Ch11-1-Events", "Ch11-1-Events.csproj", "{4A8F9C1D-B97B-420D-8436-5CA641A0FB2C}"
EndProject
Project("{FAE04EC0-301F-11D3-BF4B-00C04F79EFBC}") = "Ch12-1-Generics", "Ch12-1-Generics.csproj", "{09882A1C-87D3-4844-9EC9-A6CA8B961199}"
EndProject
Project("{FAE04EC0-301F-11D3-BF4B-00C04F79EFBC}") = "Ch13-1-Interfaces", "Ch13-1-Interfaces.csproj", "{1CB88E45-6870-4854-9BDD-2A03799775B4}"
EndProject
Project("{2150E333-8FDC-42A3-9474-1A3956D46DE8}") = "Part 3-Essential Types", "Part 3-Essential Types", "{BD9D1013-679A-429B-827A-8D97B822C600}"
EndProject
Project("{FAE04EC0-301F-11D3-BF4B-00C04F79EFBC}") = "Ch14-1-CharsAndStrings", "Ch14-1-CharsAndStrings.csproj", "{9F1DEF08-0BF2-4D91-8DB5-658CC1297DA2}"
EndProject
Project("{FAE04EC0-301F-11D3-BF4B-00C04F79EFBC}") = "Ch15-1-EnumsAndBitFlags", "Ch15-1-EnumsAndBitFlags.csproj", "{AB348A06-F9EC-4B50-A96E-7D3DD6D907BB}"
EndProject
Project("{FAE04EC0-301F-11D3-BF4B-00C04F79EFBC}") = "Ch16-1-Arrays", "Ch16-1-Arrays.csproj", "{2237152B-00AF-472B-81EC-3AA23A3FF698}"
EndProject
Project("{FAE04EC0-301F-11D3-BF4B-00C04F79EFBC}") = "Ch17-1-Delegates", "Ch17-1-Delegates.csproj", "{6A0E4BED-2E12-413F-801F-7E02ACA50D45}"
EndProject
Project("{FAE04EC0-301F-11D3-BF4B-00C04F79EFBC}") = "Ch18-1-CustomAttributes", "Ch18-1-CustomAttributes.csproj", "{B341EFC0-FEE4-4F2B-A4B5-D64F21C7F6F5}"
EndProject
Project("{FAE04EC0-301F-11D3-BF4B-00C04F79EFBC}") = "Ch19-1-NullableValueTypes", "Ch19-1-NullableValueTypes.csproj", "{56AA0815-65DC-4CCE-81F5-E9146C9B3726}"
EndProject
Project("{2150E333-8FDC-42A3-9474-1A3956D46DE8}") = "Part 4-Core Facilities", "Part 4-Core Facilities", "{EAB312D4-CDBB-440D-92B1-9ACC5876AD3C}"
EndProject
Project("{FAE04EC0-301F-11D3-BF4B-00C04F79EFBC}") = "Ch20-1-ExceptionHandling", "Ch20-1-ExceptionHandling.csproj", "{AEC7D22E-756B-4679-B28E-5808848EF132}"
EndProject
Project("{FAE04EC0-301F-11D3-BF4B-00C04F79EFBC}") = "Ch21-1-GarbageCollection", "Ch21-1-GarbageCollection.csproj", "{1D2BF940-7E79-44C2-9F82-C549470F2B68}"
EndProject
Project("{FAE04EC0-301F-11D3-BF4B-00C04F79EFBC}") = "Ch22-1-AppDomains", "Ch22-1-AppDomains.csproj", "{D8B65EF3-851D-4BE0-BBB5-5C0D586F7EA7}"
EndProject
Project("{FAE04EC0-301F-11D3-BF4B-00C04F79EFBC}") = "Ch23-1-AssemblyLoadingAndReflection", "Ch23-1-AssemblyLoadingAndReflection.csproj", "{8574B0B4-C843-40D7-A6F9-66EB8F4F613D}"
EndProject
Project("{FAE04EC0-301F-11D3-BF4B-00C04F79EFBC}") = "Ch23-2-AddIn_SDKAssembly", "Ch23-2-AddIn_SDKAssembly.csproj", "{FAFD6BEE-33F3-476B-9F86-5D054C7CA219}"
EndProject
Project("{FAE04EC0-301F-11D3-BF4B-00C04F79EFBC}") = "Ch23-3-AddIn_AddInTypes", "Ch23-3-AddIn_AddInTypes.csproj", "{D3DFAFDC-A040-4959-B43F-64AB03CB0181}"
EndProject
Project("{FAE04EC0-301F-11D3-BF4B-00C04F79EFBC}") = "Ch23-4-AddIn_Host", "Ch23-4-AddIn_Host.csproj", "{2CFFF3F7-AA6F-46F1-A70A-F9917002C607}"
EndProject
Project("{FAE04EC0-301F-11D3-BF4B-00C04F79EFBC}") = "Ch24-1-RuntimeSerialization", "Ch24-1-RuntimeSerialization.csproj", "{E64BE8E6-5BF2-411C-BFFA-D7ED0470E009}"
EndProject
Project("{2150E333-8FDC-42A3-9474-1A3956D46DE8}") = "Part 5-Threading", "Part 5-Threading", "{087EDDCD-984F-43FF-8BC9-013EC581F4CA}"
EndProject
Project("{FAE04EC0-301F-11D3-BF4B-00C04F79EFBC}") = "Ch26-1-ThreadBasics", "Ch26-1-ThreadBasics.csproj", "{D2BA9EC8-9B76-4441-8E58-1102788407BE}"
EndProject
Project("{FAE04EC0-301F-11D3-BF4B-00C04F79EFBC}") = "Ch27-1-ComputeOps", "Ch27-1-ComputeOps.csproj", "{65719739-D936-4B94-8654-9EF46B835C69}"
EndProject
Project("{FAE04EC0-301F-11D3-BF4B-00C04F79EFBC}") = "Ch28-1-IOOps", "Ch28-1-IOOps.csproj", "{C47AB646-986E-4EA5-B09D-6CBA602290E2}"
EndProject
Project("{FAE04EC0-301F-11D3-BF4B-00C04F79EFBC}") = "Ch29-1-PrimitveThreadSync", "Ch29-1-PrimitveThreadSync.csproj", "{D2FF3909-FD50-4B2B-A764-6B4FC0FDE6A2}"
EndProject
Project("{FAE04EC0-301F-11D3-BF4B-00C04F79EFBC}") = "Ch30-1-HybridThreadSync", "Ch30-1-HybridThreadSync.csproj", "{A7275EC7-1101-4D9E-8796-7479035E7AE5}"
EndProject
Project("{FAE04EC0-301F-11D3-BF4B-00C04F79EFBC}") = "Ch02-4-AppUsingMultiFileLibrary", "Ch02-4-AppUsingMultiFileLibrary.csproj", "{90E62D22-181E-4028-9EC1-54E890CA8018}"
EndProject
Project("{262852C6-CD72-467D-83FE-5EEB1973A190}") = "Ch25-2-ConsumeWinRTComponents", "Ch25-2-ConsumeWinRTComponents\Ch25-2-ConsumeWinRTComponents.jsproj", "{37271C44-FEEE-48C0-9FB7-CF777D5062DF}"
EndProject
Project("{FAE04EC0-301F-11D3-BF4B-00C04F79EFBC}") = "Ch25-1-WinRTComponents", "Ch25-1-WinRTComponents.csproj", "{66FF2B7A-4B2D-4879-A151-659610686371}"
EndProject
Global
	GlobalSection(SolutionConfigurationPlatforms) = preSolution
		Debug|ARM = Debug|ARM
		Debug|Any CPU = Debug|Any CPU
		Debug|Mixed Platforms = Debug|Mixed Platforms
		Debug|Win32 = Debug|Win32
		Debug|x64 = Debug|x64
		Debug|x86 = Debug|x86
		Release|ARM = Release|ARM
		Release|Any CPU = Release|Any CPU
		Release|Mixed Platforms = Release|Mixed Platforms
		Release|Win32 = Release|Win32
		Release|x64 = Release|x64
		Release|x86 = Release|x86
	EndGlobalSection
	GlobalSection(ProjectConfigurationPlatforms) = postSolution
		{03634A5F-09FF-47D5-8BAF-3430B87561D8}.Debug|ARM.ActiveCfg = Debug|Any CPU
		{03634A5F-09FF-47D5-8BAF-3430B87561D8}.Debug|Any CPU.ActiveCfg = Debug|Any CPU
		{03634A5F-09FF-47D5-8BAF-3430B87561D8}.Debug|Any CPU.Build.0 = Debug|Any CPU
		{03634A5F-09FF-47D5-8BAF-3430B87561D8}.Debug|Mixed Platforms.ActiveCfg = Debug|Any CPU
		{03634A5F-09FF-47D5-8BAF-3430B87561D8}.Debug|Mixed Platforms.Build.0 = Debug|Any CPU
		{03634A5F-09FF-47D5-8BAF-3430B87561D8}.Debug|Win32.ActiveCfg = Debug|Any CPU
		{03634A5F-09FF-47D5-8BAF-3430B87561D8}.Debug|x64.ActiveCfg = Debug|Any CPU
		{03634A5F-09FF-47D5-8BAF-3430B87561D8}.Debug|x86.ActiveCfg = Debug|Any CPU
		{03634A5F-09FF-47D5-8BAF-3430B87561D8}.Release|ARM.ActiveCfg = Release|Any CPU
		{03634A5F-09FF-47D5-8BAF-3430B87561D8}.Release|Any CPU.ActiveCfg = Release|Any CPU
		{03634A5F-09FF-47D5-8BAF-3430B87561D8}.Release|Any CPU.Build.0 = Release|Any CPU
		{03634A5F-09FF-47D5-8BAF-3430B87561D8}.Release|Mixed Platforms.ActiveCfg = Release|Any CPU
		{03634A5F-09FF-47D5-8BAF-3430B87561D8}.Release|Mixed Platforms.Build.0 = Release|Any CPU
		{03634A5F-09FF-47D5-8BAF-3430B87561D8}.Release|Win32.ActiveCfg = Release|Any CPU
		{03634A5F-09FF-47D5-8BAF-3430B87561D8}.Release|x64.ActiveCfg = Release|Any CPU
		{03634A5F-09FF-47D5-8BAF-3430B87561D8}.Release|x86.ActiveCfg = Release|Any CPU
		{09882A1C-87D3-4844-9EC9-A6CA8B961199}.Debug|ARM.ActiveCfg = Debug|Any CPU
		{09882A1C-87D3-4844-9EC9-A6CA8B961199}.Debug|Any CPU.ActiveCfg = Debug|Any CPU
		{09882A1C-87D3-4844-9EC9-A6CA8B961199}.Debug|Any CPU.Build.0 = Debug|Any CPU
		{09882A1C-87D3-4844-9EC9-A6CA8B961199}.Debug|Mixed Platforms.ActiveCfg = Debug|Any CPU
		{09882A1C-87D3-4844-9EC9-A6CA8B961199}.Debug|Mixed Platforms.Build.0 = Debug|Any CPU
		{09882A1C-87D3-4844-9EC9-A6CA8B961199}.Debug|Win32.ActiveCfg = Debug|Any CPU
		{09882A1C-87D3-4844-9EC9-A6CA8B961199}.Debug|x64.ActiveCfg = Debug|Any CPU
		{09882A1C-87D3-4844-9EC9-A6CA8B961199}.Debug|x86.ActiveCfg = Debug|Any CPU
		{09882A1C-87D3-4844-9EC9-A6CA8B961199}.Release|ARM.ActiveCfg = Release|Any CPU
		{09882A1C-87D3-4844-9EC9-A6CA8B961199}.Release|Any CPU.ActiveCfg = Release|Any CPU
		{09882A1C-87D3-4844-9EC9-A6CA8B961199}.Release|Any CPU.Build.0 = Release|Any CPU
		{09882A1C-87D3-4844-9EC9-A6CA8B961199}.Release|Mixed Platforms.ActiveCfg = Release|Any CPU
		{09882A1C-87D3-4844-9EC9-A6CA8B961199}.Release|Mixed Platforms.Build.0 = Release|Any CPU
		{09882A1C-87D3-4844-9EC9-A6CA8B961199}.Release|Win32.ActiveCfg = Release|Any CPU
		{09882A1C-87D3-4844-9EC9-A6CA8B961199}.Release|x64.ActiveCfg = Release|Any CPU
		{09882A1C-87D3-4844-9EC9-A6CA8B961199}.Release|x86.ActiveCfg = Release|Any CPU
		{0E9D85EC-4CD2-49B1-BBF0-DED41BB419A9}.Debug|ARM.ActiveCfg = Debug|Any CPU
		{0E9D85EC-4CD2-49B1-BBF0-DED41BB419A9}.Debug|Any CPU.ActiveCfg = Debug|Any CPU
		{0E9D85EC-4CD2-49B1-BBF0-DED41BB419A9}.Debug|Any CPU.Build.0 = Debug|Any CPU
		{0E9D85EC-4CD2-49B1-BBF0-DED41BB419A9}.Debug|Mixed Platforms.ActiveCfg = Debug|Any CPU
		{0E9D85EC-4CD2-49B1-BBF0-DED41BB419A9}.Debug|Mixed Platforms.Build.0 = Debug|Any CPU
		{0E9D85EC-4CD2-49B1-BBF0-DED41BB419A9}.Debug|Win32.ActiveCfg = Debug|Any CPU
		{0E9D85EC-4CD2-49B1-BBF0-DED41BB419A9}.Debug|x64.ActiveCfg = Debug|Any CPU
		{0E9D85EC-4CD2-49B1-BBF0-DED41BB419A9}.Debug|x86.ActiveCfg = Debug|Any CPU
		{0E9D85EC-4CD2-49B1-BBF0-DED41BB419A9}.Release|ARM.ActiveCfg = Release|Any CPU
		{0E9D85EC-4CD2-49B1-BBF0-DED41BB419A9}.Release|Any CPU.ActiveCfg = Release|Any CPU
		{0E9D85EC-4CD2-49B1-BBF0-DED41BB419A9}.Release|Any CPU.Build.0 = Release|Any CPU
		{0E9D85EC-4CD2-49B1-BBF0-DED41BB419A9}.Release|Mixed Platforms.ActiveCfg = Release|Any CPU
		{0E9D85EC-4CD2-49B1-BBF0-DED41BB419A9}.Release|Mixed Platforms.Build.0 = Release|Any CPU
		{0E9D85EC-4CD2-49B1-BBF0-DED41BB419A9}.Release|Win32.ActiveCfg = Release|Any CPU
		{0E9D85EC-4CD2-49B1-BBF0-DED41BB419A9}.Release|x64.ActiveCfg = Release|Any CPU
		{0E9D85EC-4CD2-49B1-BBF0-DED41BB419A9}.Release|x86.ActiveCfg = Release|Any CPU
		{124DDBD4-517F-4BCE-B043-AA1D8800EB80}.Debug|ARM.ActiveCfg = Debug|Any CPU
		{124DDBD4-517F-4BCE-B043-AA1D8800EB80}.Debug|Any CPU.ActiveCfg = Debug|Any CPU
		{124DDBD4-517F-4BCE-B043-AA1D8800EB80}.Debug|Any CPU.Build.0 = Debug|Any CPU
		{124DDBD4-517F-4BCE-B043-AA1D8800EB80}.Debug|Mixed Platforms.ActiveCfg = Debug|Any CPU
		{124DDBD4-517F-4BCE-B043-AA1D8800EB80}.Debug|Mixed Platforms.Build.0 = Debug|Any CPU
		{124DDBD4-517F-4BCE-B043-AA1D8800EB80}.Debug|Win32.ActiveCfg = Debug|Any CPU
		{124DDBD4-517F-4BCE-B043-AA1D8800EB80}.Debug|x64.ActiveCfg = Debug|Any CPU
		{124DDBD4-517F-4BCE-B043-AA1D8800EB80}.Debug|x86.ActiveCfg = Debug|Any CPU
		{124DDBD4-517F-4BCE-B043-AA1D8800EB80}.Release|ARM.ActiveCfg = Release|Any CPU
		{124DDBD4-517F-4BCE-B043-AA1D8800EB80}.Release|Any CPU.ActiveCfg = Release|Any CPU
		{124DDBD4-517F-4BCE-B043-AA1D8800EB80}.Release|Any CPU.Build.0 = Release|Any CPU
		{124DDBD4-517F-4BCE-B043-AA1D8800EB80}.Release|Mixed Platforms.ActiveCfg = Release|Any CPU
		{124DDBD4-517F-4BCE-B043-AA1D8800EB80}.Release|Mixed Platforms.Build.0 = Release|Any CPU
		{124DDBD4-517F-4BCE-B043-AA1D8800EB80}.Release|Win32.ActiveCfg = Release|Any CPU
		{124DDBD4-517F-4BCE-B043-AA1D8800EB80}.Release|x64.ActiveCfg = Release|Any CPU
		{124DDBD4-517F-4BCE-B043-AA1D8800EB80}.Release|x86.ActiveCfg = Release|Any CPU
		{1B6DDBC3-B59F-4150-9720-A6C1705ECF11}.Debug|ARM.ActiveCfg = Debug|Any CPU
		{1B6DDBC3-B59F-4150-9720-A6C1705ECF11}.Debug|Any CPU.ActiveCfg = Debug|Any CPU
		{1B6DDBC3-B59F-4150-9720-A6C1705ECF11}.Debug|Any CPU.Build.0 = Debug|Any CPU
		{1B6DDBC3-B59F-4150-9720-A6C1705ECF11}.Debug|Mixed Platforms.ActiveCfg = Debug|Any CPU
		{1B6DDBC3-B59F-4150-9720-A6C1705ECF11}.Debug|Mixed Platforms.Build.0 = Debug|Any CPU
		{1B6DDBC3-B59F-4150-9720-A6C1705ECF11}.Debug|Win32.ActiveCfg = Debug|Any CPU
		{1B6DDBC3-B59F-4150-9720-A6C1705ECF11}.Debug|x64.ActiveCfg = Debug|Any CPU
		{1B6DDBC3-B59F-4150-9720-A6C1705ECF11}.Debug|x86.ActiveCfg = Debug|Any CPU
		{1B6DDBC3-B59F-4150-9720-A6C1705ECF11}.Release|ARM.ActiveCfg = Release|Any CPU
		{1B6DDBC3-B59F-4150-9720-A6C1705ECF11}.Release|Any CPU.ActiveCfg = Release|Any CPU
		{1B6DDBC3-B59F-4150-9720-A6C1705ECF11}.Release|Any CPU.Build.0 = Release|Any CPU
		{1B6DDBC3-B59F-4150-9720-A6C1705ECF11}.Release|Mixed Platforms.ActiveCfg = Release|Any CPU
		{1B6DDBC3-B59F-4150-9720-A6C1705ECF11}.Release|Mixed Platforms.Build.0 = Release|Any CPU
		{1B6DDBC3-B59F-4150-9720-A6C1705ECF11}.Release|Win32.ActiveCfg = Release|Any CPU
		{1B6DDBC3-B59F-4150-9720-A6C1705ECF11}.Release|x64.ActiveCfg = Release|Any CPU
		{1B6DDBC3-B59F-4150-9720-A6C1705ECF11}.Release|x86.ActiveCfg = Release|Any CPU
		{1CB88E45-6870-4854-9BDD-2A03799775B4}.Debug|ARM.ActiveCfg = Debug|Any CPU
		{1CB88E45-6870-4854-9BDD-2A03799775B4}.Debug|Any CPU.ActiveCfg = Debug|Any CPU
		{1CB88E45-6870-4854-9BDD-2A03799775B4}.Debug|Any CPU.Build.0 = Debug|Any CPU
		{1CB88E45-6870-4854-9BDD-2A03799775B4}.Debug|Mixed Platforms.ActiveCfg = Debug|Any CPU
		{1CB88E45-6870-4854-9BDD-2A03799775B4}.Debug|Mixed Platforms.Build.0 = Debug|Any CPU
		{1CB88E45-6870-4854-9BDD-2A03799775B4}.Debug|Win32.ActiveCfg = Debug|Any CPU
		{1CB88E45-6870-4854-9BDD-2A03799775B4}.Debug|x64.ActiveCfg = Debug|Any CPU
		{1CB88E45-6870-4854-9BDD-2A03799775B4}.Debug|x86.ActiveCfg = Debug|Any CPU
		{1CB88E45-6870-4854-9BDD-2A03799775B4}.Release|ARM.ActiveCfg = Release|Any CPU
		{1CB88E45-6870-4854-9BDD-2A03799775B4}.Release|Any CPU.ActiveCfg = Release|Any CPU
		{1CB88E45-6870-4854-9BDD-2A03799775B4}.Release|Any CPU.Build.0 = Release|Any CPU
		{1CB88E45-6870-4854-9BDD-2A03799775B4}.Release|Mixed Platforms.ActiveCfg = Release|Any CPU
		{1CB88E45-6870-4854-9BDD-2A03799775B4}.Release|Mixed Platforms.Build.0 = Release|Any CPU
		{1CB88E45-6870-4854-9BDD-2A03799775B4}.Release|Win32.ActiveCfg = Release|Any CPU
		{1CB88E45-6870-4854-9BDD-2A03799775B4}.Release|x64.ActiveCfg = Release|Any CPU
		{1CB88E45-6870-4854-9BDD-2A03799775B4}.Release|x86.ActiveCfg = Release|Any CPU
		{1D2BF940-7E79-44C2-9F82-C549470F2B68}.Debug|ARM.ActiveCfg = Debug|x86
		{1D2BF940-7E79-44C2-9F82-C549470F2B68}.Debug|Any CPU.ActiveCfg = Debug|x86
		{1D2BF940-7E79-44C2-9F82-C549470F2B68}.Debug|Mixed Platforms.ActiveCfg = Debug|x86
		{1D2BF940-7E79-44C2-9F82-C549470F2B68}.Debug|Mixed Platforms.Build.0 = Debug|x86
		{1D2BF940-7E79-44C2-9F82-C549470F2B68}.Debug|Win32.ActiveCfg = Debug|x86
		{1D2BF940-7E79-44C2-9F82-C549470F2B68}.Debug|x64.ActiveCfg = Debug|x86
		{1D2BF940-7E79-44C2-9F82-C549470F2B68}.Debug|x86.ActiveCfg = Debug|x86
		{1D2BF940-7E79-44C2-9F82-C549470F2B68}.Debug|x86.Build.0 = Debug|x86
		{1D2BF940-7E79-44C2-9F82-C549470F2B68}.Release|ARM.ActiveCfg = Release|x86
		{1D2BF940-7E79-44C2-9F82-C549470F2B68}.Release|Any CPU.ActiveCfg = Release|x86
		{1D2BF940-7E79-44C2-9F82-C549470F2B68}.Release|Mixed Platforms.ActiveCfg = Release|x86
		{1D2BF940-7E79-44C2-9F82-C549470F2B68}.Release|Mixed Platforms.Build.0 = Release|x86
		{1D2BF940-7E79-44C2-9F82-C549470F2B68}.Release|Win32.ActiveCfg = Release|x86
		{1D2BF940-7E79-44C2-9F82-C549470F2B68}.Release|x64.ActiveCfg = Release|x86
		{1D2BF940-7E79-44C2-9F82-C549470F2B68}.Release|x86.ActiveCfg = Release|x86
		{1D2BF940-7E79-44C2-9F82-C549470F2B68}.Release|x86.Build.0 = Release|x86
		{2237152B-00AF-472B-81EC-3AA23A3FF698}.Debug|ARM.ActiveCfg = Debug|Any CPU
		{2237152B-00AF-472B-81EC-3AA23A3FF698}.Debug|Any CPU.ActiveCfg = Debug|Any CPU
		{2237152B-00AF-472B-81EC-3AA23A3FF698}.Debug|Any CPU.Build.0 = Debug|Any CPU
		{2237152B-00AF-472B-81EC-3AA23A3FF698}.Debug|Mixed Platforms.ActiveCfg = Debug|Any CPU
		{2237152B-00AF-472B-81EC-3AA23A3FF698}.Debug|Mixed Platforms.Build.0 = Debug|Any CPU
		{2237152B-00AF-472B-81EC-3AA23A3FF698}.Debug|Win32.ActiveCfg = Debug|Any CPU
		{2237152B-00AF-472B-81EC-3AA23A3FF698}.Debug|x64.ActiveCfg = Debug|Any CPU
		{2237152B-00AF-472B-81EC-3AA23A3FF698}.Debug|x86.ActiveCfg = Debug|Any CPU
		{2237152B-00AF-472B-81EC-3AA23A3FF698}.Release|ARM.ActiveCfg = Release|Any CPU
		{2237152B-00AF-472B-81EC-3AA23A3FF698}.Release|Any CPU.ActiveCfg = Release|Any CPU
		{2237152B-00AF-472B-81EC-3AA23A3FF698}.Release|Any CPU.Build.0 = Release|Any CPU
		{2237152B-00AF-472B-81EC-3AA23A3FF698}.Release|Mixed Platforms.ActiveCfg = Release|Any CPU
		{2237152B-00AF-472B-81EC-3AA23A3FF698}.Release|Mixed Platforms.Build.0 = Release|Any CPU
		{2237152B-00AF-472B-81EC-3AA23A3FF698}.Release|Win32.ActiveCfg = Release|Any CPU
		{2237152B-00AF-472B-81EC-3AA23A3FF698}.Release|x64.ActiveCfg = Release|Any CPU
		{2237152B-00AF-472B-81EC-3AA23A3FF698}.Release|x86.ActiveCfg = Release|Any CPU
		{2CFFF3F7-AA6F-46F1-A70A-F9917002C607}.Debug|ARM.ActiveCfg = Debug|Any CPU
		{2CFFF3F7-AA6F-46F1-A70A-F9917002C607}.Debug|Any CPU.ActiveCfg = Debug|Any CPU
		{2CFFF3F7-AA6F-46F1-A70A-F9917002C607}.Debug|Any CPU.Build.0 = Debug|Any CPU
		{2CFFF3F7-AA6F-46F1-A70A-F9917002C607}.Debug|Mixed Platforms.ActiveCfg = Debug|Any CPU
		{2CFFF3F7-AA6F-46F1-A70A-F9917002C607}.Debug|Mixed Platforms.Build.0 = Debug|Any CPU
		{2CFFF3F7-AA6F-46F1-A70A-F9917002C607}.Debug|Win32.ActiveCfg = Debug|Any CPU
		{2CFFF3F7-AA6F-46F1-A70A-F9917002C607}.Debug|x64.ActiveCfg = Debug|Any CPU
		{2CFFF3F7-AA6F-46F1-A70A-F9917002C607}.Debug|x86.ActiveCfg = Debug|Any CPU
		{2CFFF3F7-AA6F-46F1-A70A-F9917002C607}.Release|ARM.ActiveCfg = Release|Any CPU
		{2CFFF3F7-AA6F-46F1-A70A-F9917002C607}.Release|Any CPU.ActiveCfg = Release|Any CPU
		{2CFFF3F7-AA6F-46F1-A70A-F9917002C607}.Release|Any CPU.Build.0 = Release|Any CPU
		{2CFFF3F7-AA6F-46F1-A70A-F9917002C607}.Release|Mixed Platforms.ActiveCfg = Release|Any CPU
		{2CFFF3F7-AA6F-46F1-A70A-F9917002C607}.Release|Mixed Platforms.Build.0 = Release|Any CPU
		{2CFFF3F7-AA6F-46F1-A70A-F9917002C607}.Release|Win32.ActiveCfg = Release|Any CPU
		{2CFFF3F7-AA6F-46F1-A70A-F9917002C607}.Release|x64.ActiveCfg = Release|Any CPU
		{2CFFF3F7-AA6F-46F1-A70A-F9917002C607}.Release|x86.ActiveCfg = Release|Any CPU
		{2E28E8B5-620F-465A-9D8F-D9FAE8AF97F4}.Debug|ARM.ActiveCfg = Debug|Any CPU
		{2E28E8B5-620F-465A-9D8F-D9FAE8AF97F4}.Debug|Any CPU.ActiveCfg = Debug|Any CPU
		{2E28E8B5-620F-465A-9D8F-D9FAE8AF97F4}.Debug|Any CPU.Build.0 = Debug|Any CPU
		{2E28E8B5-620F-465A-9D8F-D9FAE8AF97F4}.Debug|Mixed Platforms.ActiveCfg = Debug|Any CPU
		{2E28E8B5-620F-465A-9D8F-D9FAE8AF97F4}.Debug|Mixed Platforms.Build.0 = Debug|Any CPU
		{2E28E8B5-620F-465A-9D8F-D9FAE8AF97F4}.Debug|Win32.ActiveCfg = Debug|Any CPU
		{2E28E8B5-620F-465A-9D8F-D9FAE8AF97F4}.Debug|x64.ActiveCfg = Debug|Any CPU
		{2E28E8B5-620F-465A-9D8F-D9FAE8AF97F4}.Debug|x86.ActiveCfg = Debug|Any CPU
		{2E28E8B5-620F-465A-9D8F-D9FAE8AF97F4}.Release|ARM.ActiveCfg = Release|Any CPU
		{2E28E8B5-620F-465A-9D8F-D9FAE8AF97F4}.Release|Any CPU.ActiveCfg = Release|Any CPU
		{2E28E8B5-620F-465A-9D8F-D9FAE8AF97F4}.Release|Any CPU.Build.0 = Release|Any CPU
		{2E28E8B5-620F-465A-9D8F-D9FAE8AF97F4}.Release|Mixed Platforms.ActiveCfg = Release|Any CPU
		{2E28E8B5-620F-465A-9D8F-D9FAE8AF97F4}.Release|Mixed Platforms.Build.0 = Release|Any CPU
		{2E28E8B5-620F-465A-9D8F-D9FAE8AF97F4}.Release|Win32.ActiveCfg = Release|Any CPU
		{2E28E8B5-620F-465A-9D8F-D9FAE8AF97F4}.Release|x64.ActiveCfg = Release|Any CPU
		{2E28E8B5-620F-465A-9D8F-D9FAE8AF97F4}.Release|x86.ActiveCfg = Release|Any CPU
		{37271C44-FEEE-48C0-9FB7-CF777D5062DF}.Debug|ARM.ActiveCfg = Debug|ARM
		{37271C44-FEEE-48C0-9FB7-CF777D5062DF}.Debug|ARM.Build.0 = Debug|ARM
		{37271C44-FEEE-48C0-9FB7-CF777D5062DF}.Debug|ARM.Deploy.0 = Debug|ARM
		{37271C44-FEEE-48C0-9FB7-CF777D5062DF}.Debug|Any CPU.ActiveCfg = Debug|Any CPU
		{37271C44-FEEE-48C0-9FB7-CF777D5062DF}.Debug|Any CPU.Build.0 = Debug|Any CPU
		{37271C44-FEEE-48C0-9FB7-CF777D5062DF}.Debug|Any CPU.Deploy.0 = Debug|Any CPU
		{37271C44-FEEE-48C0-9FB7-CF777D5062DF}.Debug|Mixed Platforms.ActiveCfg = Debug|x86
		{37271C44-FEEE-48C0-9FB7-CF777D5062DF}.Debug|Mixed Platforms.Build.0 = Debug|x86
		{37271C44-FEEE-48C0-9FB7-CF777D5062DF}.Debug|Mixed Platforms.Deploy.0 = Debug|x86
		{37271C44-FEEE-48C0-9FB7-CF777D5062DF}.Debug|Win32.ActiveCfg = Debug|x86
		{37271C44-FEEE-48C0-9FB7-CF777D5062DF}.Debug|Win32.Build.0 = Debug|x86
		{37271C44-FEEE-48C0-9FB7-CF777D5062DF}.Debug|Win32.Deploy.0 = Debug|x86
		{37271C44-FEEE-48C0-9FB7-CF777D5062DF}.Debug|x64.ActiveCfg = Debug|x64
		{37271C44-FEEE-48C0-9FB7-CF777D5062DF}.Debug|x64.Build.0 = Debug|x64
		{37271C44-FEEE-48C0-9FB7-CF777D5062DF}.Debug|x64.Deploy.0 = Debug|x64
		{37271C44-FEEE-48C0-9FB7-CF777D5062DF}.Debug|x86.ActiveCfg = Debug|x86
		{37271C44-FEEE-48C0-9FB7-CF777D5062DF}.Debug|x86.Build.0 = Debug|x86
		{37271C44-FEEE-48C0-9FB7-CF777D5062DF}.Debug|x86.Deploy.0 = Debug|x86
		{37271C44-FEEE-48C0-9FB7-CF777D5062DF}.Release|ARM.ActiveCfg = Release|ARM
		{37271C44-FEEE-48C0-9FB7-CF777D5062DF}.Release|ARM.Build.0 = Release|ARM
		{37271C44-FEEE-48C0-9FB7-CF777D5062DF}.Release|ARM.Deploy.0 = Release|ARM
		{37271C44-FEEE-48C0-9FB7-CF777D5062DF}.Release|Any CPU.ActiveCfg = Release|Any CPU
		{37271C44-FEEE-48C0-9FB7-CF777D5062DF}.Release|Any CPU.Build.0 = Release|Any CPU
		{37271C44-FEEE-48C0-9FB7-CF777D5062DF}.Release|Any CPU.Deploy.0 = Release|Any CPU
		{37271C44-FEEE-48C0-9FB7-CF777D5062DF}.Release|Mixed Platforms.ActiveCfg = Release|x86
		{37271C44-FEEE-48C0-9FB7-CF777D5062DF}.Release|Mixed Platforms.Build.0 = Release|x86
		{37271C44-FEEE-48C0-9FB7-CF777D5062DF}.Release|Mixed Platforms.Deploy.0 = Release|x86
		{37271C44-FEEE-48C0-9FB7-CF777D5062DF}.Release|Win32.ActiveCfg = Release|x86
		{37271C44-FEEE-48C0-9FB7-CF777D5062DF}.Release|Win32.Build.0 = Release|x86
		{37271C44-FEEE-48C0-9FB7-CF777D5062DF}.Release|Win32.Deploy.0 = Release|x86
		{37271C44-FEEE-48C0-9FB7-CF777D5062DF}.Release|x64.ActiveCfg = Release|x64
		{37271C44-FEEE-48C0-9FB7-CF777D5062DF}.Release|x64.Build.0 = Release|x64
		{37271C44-FEEE-48C0-9FB7-CF777D5062DF}.Release|x64.Deploy.0 = Release|x64
		{37271C44-FEEE-48C0-9FB7-CF777D5062DF}.Release|x86.ActiveCfg = Release|x86
		{37271C44-FEEE-48C0-9FB7-CF777D5062DF}.Release|x86.Build.0 = Release|x86
		{37271C44-FEEE-48C0-9FB7-CF777D5062DF}.Release|x86.Deploy.0 = Release|x86
		{4A8F9C1D-B97B-420D-8436-5CA641A0FB2C}.Debug|ARM.ActiveCfg = Debug|Any CPU
		{4A8F9C1D-B97B-420D-8436-5CA641A0FB2C}.Debug|Any CPU.ActiveCfg = Debug|Any CPU
		{4A8F9C1D-B97B-420D-8436-5CA641A0FB2C}.Debug|Any CPU.Build.0 = Debug|Any CPU
		{4A8F9C1D-B97B-420D-8436-5CA641A0FB2C}.Debug|Mixed Platforms.ActiveCfg = Debug|Any CPU
		{4A8F9C1D-B97B-420D-8436-5CA641A0FB2C}.Debug|Mixed Platforms.Build.0 = Debug|Any CPU
		{4A8F9C1D-B97B-420D-8436-5CA641A0FB2C}.Debug|Win32.ActiveCfg = Debug|Any CPU
		{4A8F9C1D-B97B-420D-8436-5CA641A0FB2C}.Debug|x64.ActiveCfg = Debug|Any CPU
		{4A8F9C1D-B97B-420D-8436-5CA641A0FB2C}.Debug|x86.ActiveCfg = Debug|Any CPU
		{4A8F9C1D-B97B-420D-8436-5CA641A0FB2C}.Release|ARM.ActiveCfg = Release|Any CPU
		{4A8F9C1D-B97B-420D-8436-5CA641A0FB2C}.Release|Any CPU.ActiveCfg = Release|Any CPU
		{4A8F9C1D-B97B-420D-8436-5CA641A0FB2C}.Release|Any CPU.Build.0 = Release|Any CPU
		{4A8F9C1D-B97B-420D-8436-5CA641A0FB2C}.Release|Mixed Platforms.ActiveCfg = Release|Any CPU
		{4A8F9C1D-B97B-420D-8436-5CA641A0FB2C}.Release|Mixed Platforms.Build.0 = Release|Any CPU
		{4A8F9C1D-B97B-420D-8436-5CA641A0FB2C}.Release|Win32.ActiveCfg = Release|Any CPU
		{4A8F9C1D-B97B-420D-8436-5CA641A0FB2C}.Release|x64.ActiveCfg = Release|Any CPU
		{4A8F9C1D-B97B-420D-8436-5CA641A0FB2C}.Release|x86.ActiveCfg = Release|Any CPU
		{56AA0815-65DC-4CCE-81F5-E9146C9B3726}.Debug|ARM.ActiveCfg = Debug|Any CPU
		{56AA0815-65DC-4CCE-81F5-E9146C9B3726}.Debug|Any CPU.ActiveCfg = Debug|Any CPU
		{56AA0815-65DC-4CCE-81F5-E9146C9B3726}.Debug|Any CPU.Build.0 = Debug|Any CPU
		{56AA0815-65DC-4CCE-81F5-E9146C9B3726}.Debug|Mixed Platforms.ActiveCfg = Debug|Any CPU
		{56AA0815-65DC-4CCE-81F5-E9146C9B3726}.Debug|Mixed Platforms.Build.0 = Debug|Any CPU
		{56AA0815-65DC-4CCE-81F5-E9146C9B3726}.Debug|Win32.ActiveCfg = Debug|Any CPU
		{56AA0815-65DC-4CCE-81F5-E9146C9B3726}.Debug|x64.ActiveCfg = Debug|Any CPU
		{56AA0815-65DC-4CCE-81F5-E9146C9B3726}.Debug|x86.ActiveCfg = Debug|Any CPU
		{56AA0815-65DC-4CCE-81F5-E9146C9B3726}.Release|ARM.ActiveCfg = Release|Any CPU
		{56AA0815-65DC-4CCE-81F5-E9146C9B3726}.Release|Any CPU.ActiveCfg = Release|Any CPU
		{56AA0815-65DC-4CCE-81F5-E9146C9B3726}.Release|Any CPU.Build.0 = Release|Any CPU
		{56AA0815-65DC-4CCE-81F5-E9146C9B3726}.Release|Mixed Platforms.ActiveCfg = Release|Any CPU
		{56AA0815-65DC-4CCE-81F5-E9146C9B3726}.Release|Mixed Platforms.Build.0 = Release|Any CPU
		{56AA0815-65DC-4CCE-81F5-E9146C9B3726}.Release|Win32.ActiveCfg = Release|Any CPU
		{56AA0815-65DC-4CCE-81F5-E9146C9B3726}.Release|x64.ActiveCfg = Release|Any CPU
		{56AA0815-65DC-4CCE-81F5-E9146C9B3726}.Release|x86.ActiveCfg = Release|Any CPU
		{65719739-D936-4B94-8654-9EF46B835C69}.Debug|ARM.ActiveCfg = Debug|x86
		{65719739-D936-4B94-8654-9EF46B835C69}.Debug|Any CPU.ActiveCfg = Debug|x86
		{65719739-D936-4B94-8654-9EF46B835C69}.Debug|Mixed Platforms.ActiveCfg = Debug|x86
		{65719739-D936-4B94-8654-9EF46B835C69}.Debug|Mixed Platforms.Build.0 = Debug|x86
		{65719739-D936-4B94-8654-9EF46B835C69}.Debug|Win32.ActiveCfg = Debug|x86
		{65719739-D936-4B94-8654-9EF46B835C69}.Debug|x64.ActiveCfg = Debug|x86
		{65719739-D936-4B94-8654-9EF46B835C69}.Debug|x86.ActiveCfg = Debug|x86
		{65719739-D936-4B94-8654-9EF46B835C69}.Debug|x86.Build.0 = Debug|x86
		{65719739-D936-4B94-8654-9EF46B835C69}.Release|ARM.ActiveCfg = Release|x86
		{65719739-D936-4B94-8654-9EF46B835C69}.Release|Any CPU.ActiveCfg = Release|x86
		{65719739-D936-4B94-8654-9EF46B835C69}.Release|Mixed Platforms.ActiveCfg = Release|x86
		{65719739-D936-4B94-8654-9EF46B835C69}.Release|Mixed Platforms.Build.0 = Release|x86
		{65719739-D936-4B94-8654-9EF46B835C69}.Release|Win32.ActiveCfg = Release|x86
		{65719739-D936-4B94-8654-9EF46B835C69}.Release|x64.ActiveCfg = Release|x86
		{65719739-D936-4B94-8654-9EF46B835C69}.Release|x86.ActiveCfg = Release|x86
		{65719739-D936-4B94-8654-9EF46B835C69}.Release|x86.Build.0 = Release|x86
		{66FF2B7A-4B2D-4879-A151-659610686371}.Debug|ARM.ActiveCfg = Debug|ARM
		{66FF2B7A-4B2D-4879-A151-659610686371}.Debug|ARM.Build.0 = Debug|ARM
		{66FF2B7A-4B2D-4879-A151-659610686371}.Debug|Any CPU.ActiveCfg = Debug|Any CPU
		{66FF2B7A-4B2D-4879-A151-659610686371}.Debug|Any CPU.Build.0 = Debug|Any CPU
		{66FF2B7A-4B2D-4879-A151-659610686371}.Debug|Mixed Platforms.ActiveCfg = Debug|x86
		{66FF2B7A-4B2D-4879-A151-659610686371}.Debug|Mixed Platforms.Build.0 = Debug|x86
		{66FF2B7A-4B2D-4879-A151-659610686371}.Debug|Win32.ActiveCfg = Debug|x86
		{66FF2B7A-4B2D-4879-A151-659610686371}.Debug|Win32.Build.0 = Debug|x86
		{66FF2B7A-4B2D-4879-A151-659610686371}.Debug|x64.ActiveCfg = Debug|x64
		{66FF2B7A-4B2D-4879-A151-659610686371}.Debug|x64.Build.0 = Debug|x64
		{66FF2B7A-4B2D-4879-A151-659610686371}.Debug|x86.ActiveCfg = Debug|x86
		{66FF2B7A-4B2D-4879-A151-659610686371}.Debug|x86.Build.0 = Debug|x86
		{66FF2B7A-4B2D-4879-A151-659610686371}.Release|ARM.ActiveCfg = Release|ARM
		{66FF2B7A-4B2D-4879-A151-659610686371}.Release|ARM.Build.0 = Release|ARM
		{66FF2B7A-4B2D-4879-A151-659610686371}.Release|Any CPU.ActiveCfg = Release|Any CPU
		{66FF2B7A-4B2D-4879-A151-659610686371}.Release|Any CPU.Build.0 = Release|Any CPU
		{66FF2B7A-4B2D-4879-A151-659610686371}.Release|Mixed Platforms.ActiveCfg = Release|x86
		{66FF2B7A-4B2D-4879-A151-659610686371}.Release|Mixed Platforms.Build.0 = Release|x86
		{66FF2B7A-4B2D-4879-A151-659610686371}.Release|Win32.ActiveCfg = Release|x86
		{66FF2B7A-4B2D-4879-A151-659610686371}.Release|Win32.Build.0 = Release|x86
		{66FF2B7A-4B2D-4879-A151-659610686371}.Release|x64.ActiveCfg = Release|x64
		{66FF2B7A-4B2D-4879-A151-659610686371}.Release|x64.Build.0 = Release|x64
		{66FF2B7A-4B2D-4879-A151-659610686371}.Release|x86.ActiveCfg = Release|x86
		{66FF2B7A-4B2D-4879-A151-659610686371}.Release|x86.Build.0 = Release|x86
		{6A0E4BED-2E12-413F-801F-7E02ACA50D45}.Debug|ARM.ActiveCfg = Debug|Any CPU
		{6A0E4BED-2E12-413F-801F-7E02ACA50D45}.Debug|Any CPU.ActiveCfg = Debug|Any CPU
		{6A0E4BED-2E12-413F-801F-7E02ACA50D45}.Debug|Any CPU.Build.0 = Debug|Any CPU
		{6A0E4BED-2E12-413F-801F-7E02ACA50D45}.Debug|Mixed Platforms.ActiveCfg = Debug|Any CPU
		{6A0E4BED-2E12-413F-801F-7E02ACA50D45}.Debug|Mixed Platforms.Build.0 = Debug|Any CPU
		{6A0E4BED-2E12-413F-801F-7E02ACA50D45}.Debug|Win32.ActiveCfg = Debug|Any CPU
		{6A0E4BED-2E12-413F-801F-7E02ACA50D45}.Debug|x64.ActiveCfg = Debug|Any CPU
		{6A0E4BED-2E12-413F-801F-7E02ACA50D45}.Debug|x86.ActiveCfg = Debug|Any CPU
		{6A0E4BED-2E12-413F-801F-7E02ACA50D45}.Release|ARM.ActiveCfg = Release|Any CPU
		{6A0E4BED-2E12-413F-801F-7E02ACA50D45}.Release|Any CPU.ActiveCfg = Release|Any CPU
		{6A0E4BED-2E12-413F-801F-7E02ACA50D45}.Release|Any CPU.Build.0 = Release|Any CPU
		{6A0E4BED-2E12-413F-801F-7E02ACA50D45}.Release|Mixed Platforms.ActiveCfg = Release|Any CPU
		{6A0E4BED-2E12-413F-801F-7E02ACA50D45}.Release|Mixed Platforms.Build.0 = Release|Any CPU
		{6A0E4BED-2E12-413F-801F-7E02ACA50D45}.Release|Win32.ActiveCfg = Release|Any CPU
		{6A0E4BED-2E12-413F-801F-7E02ACA50D45}.Release|x64.ActiveCfg = Release|Any CPU
		{6A0E4BED-2E12-413F-801F-7E02ACA50D45}.Release|x86.ActiveCfg = Release|Any CPU
		{6A10F850-1EB0-4E6D-AA7C-4A15A79DF5BA}.Debug|ARM.ActiveCfg = Debug|Any CPU
		{6A10F850-1EB0-4E6D-AA7C-4A15A79DF5BA}.Debug|Any CPU.ActiveCfg = Debug|Any CPU
		{6A10F850-1EB0-4E6D-AA7C-4A15A79DF5BA}.Debug|Any CPU.Build.0 = Debug|Any CPU
		{6A10F850-1EB0-4E6D-AA7C-4A15A79DF5BA}.Debug|Mixed Platforms.ActiveCfg = Debug|Any CPU
		{6A10F850-1EB0-4E6D-AA7C-4A15A79DF5BA}.Debug|Mixed Platforms.Build.0 = Debug|Any CPU
		{6A10F850-1EB0-4E6D-AA7C-4A15A79DF5BA}.Debug|Win32.ActiveCfg = Debug|Any CPU
		{6A10F850-1EB0-4E6D-AA7C-4A15A79DF5BA}.Debug|x64.ActiveCfg = Debug|Any CPU
		{6A10F850-1EB0-4E6D-AA7C-4A15A79DF5BA}.Debug|x86.ActiveCfg = Debug|Any CPU
		{6A10F850-1EB0-4E6D-AA7C-4A15A79DF5BA}.Release|ARM.ActiveCfg = Release|Any CPU
		{6A10F850-1EB0-4E6D-AA7C-4A15A79DF5BA}.Release|Any CPU.ActiveCfg = Release|Any CPU
		{6A10F850-1EB0-4E6D-AA7C-4A15A79DF5BA}.Release|Any CPU.Build.0 = Release|Any CPU
		{6A10F850-1EB0-4E6D-AA7C-4A15A79DF5BA}.Release|Mixed Platforms.ActiveCfg = Release|Any CPU
		{6A10F850-1EB0-4E6D-AA7C-4A15A79DF5BA}.Release|Mixed Platforms.Build.0 = Release|Any CPU
		{6A10F850-1EB0-4E6D-AA7C-4A15A79DF5BA}.Release|Win32.ActiveCfg = Release|Any CPU
		{6A10F850-1EB0-4E6D-AA7C-4A15A79DF5BA}.Release|x64.ActiveCfg = Release|Any CPU
		{6A10F850-1EB0-4E6D-AA7C-4A15A79DF5BA}.Release|x86.ActiveCfg = Release|Any CPU
		{7FD131AD-4A04-4127-99D2-50E5835D6DE5}.Debug|ARM.ActiveCfg = Debug|Any CPU
		{7FD131AD-4A04-4127-99D2-50E5835D6DE5}.Debug|Any CPU.ActiveCfg = Debug|Any CPU
		{7FD131AD-4A04-4127-99D2-50E5835D6DE5}.Debug|Any CPU.Build.0 = Debug|Any CPU
		{7FD131AD-4A04-4127-99D2-50E5835D6DE5}.Debug|Mixed Platforms.ActiveCfg = Debug|Any CPU
		{7FD131AD-4A04-4127-99D2-50E5835D6DE5}.Debug|Mixed Platforms.Build.0 = Debug|Any CPU
		{7FD131AD-4A04-4127-99D2-50E5835D6DE5}.Debug|Win32.ActiveCfg = Debug|Any CPU
		{7FD131AD-4A04-4127-99D2-50E5835D6DE5}.Debug|x64.ActiveCfg = Debug|Any CPU
		{7FD131AD-4A04-4127-99D2-50E5835D6DE5}.Debug|x86.ActiveCfg = Debug|Any CPU
		{7FD131AD-4A04-4127-99D2-50E5835D6DE5}.Release|ARM.ActiveCfg = Release|Any CPU
		{7FD131AD-4A04-4127-99D2-50E5835D6DE5}.Release|Any CPU.ActiveCfg = Release|Any CPU
		{7FD131AD-4A04-4127-99D2-50E5835D6DE5}.Release|Any CPU.Build.0 = Release|Any CPU
		{7FD131AD-4A04-4127-99D2-50E5835D6DE5}.Release|Mixed Platforms.ActiveCfg = Release|Any CPU
		{7FD131AD-4A04-4127-99D2-50E5835D6DE5}.Release|Mixed Platforms.Build.0 = Release|Any CPU
		{7FD131AD-4A04-4127-99D2-50E5835D6DE5}.Release|Win32.ActiveCfg = Release|Any CPU
		{7FD131AD-4A04-4127-99D2-50E5835D6DE5}.Release|x64.ActiveCfg = Release|Any CPU
		{7FD131AD-4A04-4127-99D2-50E5835D6DE5}.Release|x86.ActiveCfg = Release|Any CPU
		{8574B0B4-C843-40D7-A6F9-66EB8F4F613D}.Debug|ARM.ActiveCfg = Debug|Any CPU
		{8574B0B4-C843-40D7-A6F9-66EB8F4F613D}.Debug|Any CPU.ActiveCfg = Debug|Any CPU
		{8574B0B4-C843-40D7-A6F9-66EB8F4F613D}.Debug|Any CPU.Build.0 = Debug|Any CPU
		{8574B0B4-C843-40D7-A6F9-66EB8F4F613D}.Debug|Mixed Platforms.ActiveCfg = Debug|Any CPU
		{8574B0B4-C843-40D7-A6F9-66EB8F4F613D}.Debug|Mixed Platforms.Build.0 = Debug|Any CPU
		{8574B0B4-C843-40D7-A6F9-66EB8F4F613D}.Debug|Win32.ActiveCfg = Debug|Any CPU
		{8574B0B4-C843-40D7-A6F9-66EB8F4F613D}.Debug|x64.ActiveCfg = Debug|Any CPU
		{8574B0B4-C843-40D7-A6F9-66EB8F4F613D}.Debug|x86.ActiveCfg = Debug|Any CPU
		{8574B0B4-C843-40D7-A6F9-66EB8F4F613D}.Release|ARM.ActiveCfg = Release|Any CPU
		{8574B0B4-C843-40D7-A6F9-66EB8F4F613D}.Release|Any CPU.ActiveCfg = Release|Any CPU
		{8574B0B4-C843-40D7-A6F9-66EB8F4F613D}.Release|Any CPU.Build.0 = Release|Any CPU
		{8574B0B4-C843-40D7-A6F9-66EB8F4F613D}.Release|Mixed Platforms.ActiveCfg = Release|Any CPU
		{8574B0B4-C843-40D7-A6F9-66EB8F4F613D}.Release|Mixed Platforms.Build.0 = Release|Any CPU
		{8574B0B4-C843-40D7-A6F9-66EB8F4F613D}.Release|Win32.ActiveCfg = Release|Any CPU
		{8574B0B4-C843-40D7-A6F9-66EB8F4F613D}.Release|x64.ActiveCfg = Release|Any CPU
		{8574B0B4-C843-40D7-A6F9-66EB8F4F613D}.Release|x86.ActiveCfg = Release|Any CPU
		{8A705576-BC44-461E-995C-5A296DC93CEB}.Debug|ARM.ActiveCfg = Debug|Any CPU
		{8A705576-BC44-461E-995C-5A296DC93CEB}.Debug|Any CPU.ActiveCfg = Debug|Any CPU
		{8A705576-BC44-461E-995C-5A296DC93CEB}.Debug|Any CPU.Build.0 = Debug|Any CPU
		{8A705576-BC44-461E-995C-5A296DC93CEB}.Debug|Mixed Platforms.ActiveCfg = Debug|Any CPU
		{8A705576-BC44-461E-995C-5A296DC93CEB}.Debug|Mixed Platforms.Build.0 = Debug|Any CPU
		{8A705576-BC44-461E-995C-5A296DC93CEB}.Debug|Win32.ActiveCfg = Debug|Any CPU
		{8A705576-BC44-461E-995C-5A296DC93CEB}.Debug|x64.ActiveCfg = Debug|Any CPU
		{8A705576-BC44-461E-995C-5A296DC93CEB}.Debug|x86.ActiveCfg = Debug|Any CPU
		{8A705576-BC44-461E-995C-5A296DC93CEB}.Release|ARM.ActiveCfg = Release|Any CPU
		{8A705576-BC44-461E-995C-5A296DC93CEB}.Release|Any CPU.ActiveCfg = Release|Any CPU
		{8A705576-BC44-461E-995C-5A296DC93CEB}.Release|Any CPU.Build.0 = Release|Any CPU
		{8A705576-BC44-461E-995C-5A296DC93CEB}.Release|Mixed Platforms.ActiveCfg = Release|Any CPU
		{8A705576-BC44-461E-995C-5A296DC93CEB}.Release|Mixed Platforms.Build.0 = Release|Any CPU
		{8A705576-BC44-461E-995C-5A296DC93CEB}.Release|Win32.ActiveCfg = Release|Any CPU
		{8A705576-BC44-461E-995C-5A296DC93CEB}.Release|x64.ActiveCfg = Release|Any CPU
		{8A705576-BC44-461E-995C-5A296DC93CEB}.Release|x86.ActiveCfg = Release|Any CPU
		{8FABA5DA-DF09-4A97-86B1-EEF2DB24D36E}.Debug|ARM.ActiveCfg = Debug|x86
		{8FABA5DA-DF09-4A97-86B1-EEF2DB24D36E}.Debug|Any CPU.ActiveCfg = Debug|x86
		{8FABA5DA-DF09-4A97-86B1-EEF2DB24D36E}.Debug|Mixed Platforms.ActiveCfg = Debug|x86
		{8FABA5DA-DF09-4A97-86B1-EEF2DB24D36E}.Debug|Mixed Platforms.Build.0 = Debug|x86
		{8FABA5DA-DF09-4A97-86B1-EEF2DB24D36E}.Debug|Win32.ActiveCfg = Debug|x86
		{8FABA5DA-DF09-4A97-86B1-EEF2DB24D36E}.Debug|x64.ActiveCfg = Debug|x86
		{8FABA5DA-DF09-4A97-86B1-EEF2DB24D36E}.Debug|x86.ActiveCfg = Debug|x86
		{8FABA5DA-DF09-4A97-86B1-EEF2DB24D36E}.Debug|x86.Build.0 = Debug|x86
		{8FABA5DA-DF09-4A97-86B1-EEF2DB24D36E}.Release|ARM.ActiveCfg = Release|x86
		{8FABA5DA-DF09-4A97-86B1-EEF2DB24D36E}.Release|Any CPU.ActiveCfg = Release|x86
		{8FABA5DA-DF09-4A97-86B1-EEF2DB24D36E}.Release|Mixed Platforms.ActiveCfg = Release|x86
		{8FABA5DA-DF09-4A97-86B1-EEF2DB24D36E}.Release|Mixed Platforms.Build.0 = Release|x86
		{8FABA5DA-DF09-4A97-86B1-EEF2DB24D36E}.Release|Win32.ActiveCfg = Release|x86
		{8FABA5DA-DF09-4A97-86B1-EEF2DB24D36E}.Release|x64.ActiveCfg = Release|x86
		{8FABA5DA-DF09-4A97-86B1-EEF2DB24D36E}.Release|x86.ActiveCfg = Release|x86
		{8FABA5DA-DF09-4A97-86B1-EEF2DB24D36E}.Release|x86.Build.0 = Release|x86
		{90E62D22-181E-4028-9EC1-54E890CA8018}.Debug|ARM.ActiveCfg = Debug|x86
		{90E62D22-181E-4028-9EC1-54E890CA8018}.Debug|Any CPU.ActiveCfg = Debug|x86
		{90E62D22-181E-4028-9EC1-54E890CA8018}.Debug|Mixed Platforms.ActiveCfg = Debug|x86
		{90E62D22-181E-4028-9EC1-54E890CA8018}.Debug|Mixed Platforms.Build.0 = Debug|x86
		{90E62D22-181E-4028-9EC1-54E890CA8018}.Debug|Win32.ActiveCfg = Debug|x86
		{90E62D22-181E-4028-9EC1-54E890CA8018}.Debug|x64.ActiveCfg = Debug|x86
		{90E62D22-181E-4028-9EC1-54E890CA8018}.Debug|x86.ActiveCfg = Debug|x86
		{90E62D22-181E-4028-9EC1-54E890CA8018}.Debug|x86.Build.0 = Debug|x86
		{90E62D22-181E-4028-9EC1-54E890CA8018}.Release|ARM.ActiveCfg = Release|x86
		{90E62D22-181E-4028-9EC1-54E890CA8018}.Release|Any CPU.ActiveCfg = Release|x86
		{90E62D22-181E-4028-9EC1-54E890CA8018}.Release|Mixed Platforms.ActiveCfg = Release|x86
		{90E62D22-181E-4028-9EC1-54E890CA8018}.Release|Mixed Platforms.Build.0 = Release|x86
		{90E62D22-181E-4028-9EC1-54E890CA8018}.Release|Win32.ActiveCfg = Release|x86
		{90E62D22-181E-4028-9EC1-54E890CA8018}.Release|x64.ActiveCfg = Release|x86
		{90E62D22-181E-4028-9EC1-54E890CA8018}.Release|x86.ActiveCfg = Release|x86
		{90E62D22-181E-4028-9EC1-54E890CA8018}.Release|x86.Build.0 = Release|x86
		{9B2DE75B-6430-4549-BD33-7A7DABCC8556}.Debug|ARM.ActiveCfg = Debug|x86
		{9B2DE75B-6430-4549-BD33-7A7DABCC8556}.Debug|Any CPU.ActiveCfg = Debug|x86
		{9B2DE75B-6430-4549-BD33-7A7DABCC8556}.Debug|Mixed Platforms.ActiveCfg = Debug|x86
		{9B2DE75B-6430-4549-BD33-7A7DABCC8556}.Debug|Mixed Platforms.Build.0 = Debug|x86
		{9B2DE75B-6430-4549-BD33-7A7DABCC8556}.Debug|Win32.ActiveCfg = Debug|x86
		{9B2DE75B-6430-4549-BD33-7A7DABCC8556}.Debug|x64.ActiveCfg = Debug|x86
		{9B2DE75B-6430-4549-BD33-7A7DABCC8556}.Debug|x86.ActiveCfg = Debug|x86
		{9B2DE75B-6430-4549-BD33-7A7DABCC8556}.Debug|x86.Build.0 = Debug|x86
		{9B2DE75B-6430-4549-BD33-7A7DABCC8556}.Release|ARM.ActiveCfg = Release|x86
		{9B2DE75B-6430-4549-BD33-7A7DABCC8556}.Release|Any CPU.ActiveCfg = Release|x86
		{9B2DE75B-6430-4549-BD33-7A7DABCC8556}.Release|Mixed Platforms.ActiveCfg = Release|x86
		{9B2DE75B-6430-4549-BD33-7A7DABCC8556}.Release|Mixed Platforms.Build.0 = Release|x86
		{9B2DE75B-6430-4549-BD33-7A7DABCC8556}.Release|Win32.ActiveCfg = Release|x86
		{9B2DE75B-6430-4549-BD33-7A7DABCC8556}.Release|x64.ActiveCfg = Release|x86
		{9B2DE75B-6430-4549-BD33-7A7DABCC8556}.Release|x86.ActiveCfg = Release|x86
		{9B2DE75B-6430-4549-BD33-7A7DABCC8556}.Release|x86.Build.0 = Release|x86
		{9F1DEF08-0BF2-4D91-8DB5-658CC1297DA2}.Debug|ARM.ActiveCfg = Debug|Any CPU
		{9F1DEF08-0BF2-4D91-8DB5-658CC1297DA2}.Debug|Any CPU.ActiveCfg = Debug|Any CPU
		{9F1DEF08-0BF2-4D91-8DB5-658CC1297DA2}.Debug|Any CPU.Build.0 = Debug|Any CPU
		{9F1DEF08-0BF2-4D91-8DB5-658CC1297DA2}.Debug|Mixed Platforms.ActiveCfg = Debug|Any CPU
		{9F1DEF08-0BF2-4D91-8DB5-658CC1297DA2}.Debug|Mixed Platforms.Build.0 = Debug|Any CPU
		{9F1DEF08-0BF2-4D91-8DB5-658CC1297DA2}.Debug|Win32.ActiveCfg = Debug|Any CPU
		{9F1DEF08-0BF2-4D91-8DB5-658CC1297DA2}.Debug|x64.ActiveCfg = Debug|Any CPU
		{9F1DEF08-0BF2-4D91-8DB5-658CC1297DA2}.Debug|x86.ActiveCfg = Debug|Any CPU
		{9F1DEF08-0BF2-4D91-8DB5-658CC1297DA2}.Release|ARM.ActiveCfg = Release|Any CPU
		{9F1DEF08-0BF2-4D91-8DB5-658CC1297DA2}.Release|Any CPU.ActiveCfg = Release|Any CPU
		{9F1DEF08-0BF2-4D91-8DB5-658CC1297DA2}.Release|Any CPU.Build.0 = Release|Any CPU
		{9F1DEF08-0BF2-4D91-8DB5-658CC1297DA2}.Release|Mixed Platforms.ActiveCfg = Release|Any CPU
		{9F1DEF08-0BF2-4D91-8DB5-658CC1297DA2}.Release|Mixed Platforms.Build.0 = Release|Any CPU
		{9F1DEF08-0BF2-4D91-8DB5-658CC1297DA2}.Release|Win32.ActiveCfg = Release|Any CPU
		{9F1DEF08-0BF2-4D91-8DB5-658CC1297DA2}.Release|x64.ActiveCfg = Release|Any CPU
		{9F1DEF08-0BF2-4D91-8DB5-658CC1297DA2}.Release|x86.ActiveCfg = Release|Any CPU
		{A6983BC1-0D5A-487A-AE8E-C33F3FE79853}.Debug|ARM.ActiveCfg = Debug|Any CPU
		{A6983BC1-0D5A-487A-AE8E-C33F3FE79853}.Debug|Any CPU.ActiveCfg = Debug|Any CPU
		{A6983BC1-0D5A-487A-AE8E-C33F3FE79853}.Debug|Any CPU.Build.0 = Debug|Any CPU
		{A6983BC1-0D5A-487A-AE8E-C33F3FE79853}.Debug|Mixed Platforms.ActiveCfg = Debug|Any CPU
		{A6983BC1-0D5A-487A-AE8E-C33F3FE79853}.Debug|Mixed Platforms.Build.0 = Debug|Any CPU
		{A6983BC1-0D5A-487A-AE8E-C33F3FE79853}.Debug|Win32.ActiveCfg = Debug|Any CPU
		{A6983BC1-0D5A-487A-AE8E-C33F3FE79853}.Debug|x64.ActiveCfg = Debug|Any CPU
		{A6983BC1-0D5A-487A-AE8E-C33F3FE79853}.Debug|x86.ActiveCfg = Debug|Any CPU
		{A6983BC1-0D5A-487A-AE8E-C33F3FE79853}.Release|ARM.ActiveCfg = Release|Any CPU
		{A6983BC1-0D5A-487A-AE8E-C33F3FE79853}.Release|Any CPU.ActiveCfg = Release|Any CPU
		{A6983BC1-0D5A-487A-AE8E-C33F3FE79853}.Release|Any CPU.Build.0 = Release|Any CPU
		{A6983BC1-0D5A-487A-AE8E-C33F3FE79853}.Release|Mixed Platforms.ActiveCfg = Release|Any CPU
		{A6983BC1-0D5A-487A-AE8E-C33F3FE79853}.Release|Mixed Platforms.Build.0 = Release|Any CPU
		{A6983BC1-0D5A-487A-AE8E-C33F3FE79853}.Release|Win32.ActiveCfg = Release|Any CPU
		{A6983BC1-0D5A-487A-AE8E-C33F3FE79853}.Release|x64.ActiveCfg = Release|Any CPU
		{A6983BC1-0D5A-487A-AE8E-C33F3FE79853}.Release|x86.ActiveCfg = Release|Any CPU
		{A7275EC7-1101-4D9E-8796-7479035E7AE5}.Debug|ARM.ActiveCfg = Debug|x86
		{A7275EC7-1101-4D9E-8796-7479035E7AE5}.Debug|Any CPU.ActiveCfg = Debug|x86
		{A7275EC7-1101-4D9E-8796-7479035E7AE5}.Debug|Mixed Platforms.ActiveCfg = Debug|x86
		{A7275EC7-1101-4D9E-8796-7479035E7AE5}.Debug|Mixed Platforms.Build.0 = Debug|x86
		{A7275EC7-1101-4D9E-8796-7479035E7AE5}.Debug|Win32.ActiveCfg = Debug|x86
		{A7275EC7-1101-4D9E-8796-7479035E7AE5}.Debug|x64.ActiveCfg = Debug|x86
		{A7275EC7-1101-4D9E-8796-7479035E7AE5}.Debug|x86.ActiveCfg = Debug|x86
		{A7275EC7-1101-4D9E-8796-7479035E7AE5}.Debug|x86.Build.0 = Debug|x86
		{A7275EC7-1101-4D9E-8796-7479035E7AE5}.Release|ARM.ActiveCfg = Release|x86
		{A7275EC7-1101-4D9E-8796-7479035E7AE5}.Release|Any CPU.ActiveCfg = Release|x86
		{A7275EC7-1101-4D9E-8796-7479035E7AE5}.Release|Mixed Platforms.ActiveCfg = Release|x86
		{A7275EC7-1101-4D9E-8796-7479035E7AE5}.Release|Mixed Platforms.Build.0 = Release|x86
		{A7275EC7-1101-4D9E-8796-7479035E7AE5}.Release|Win32.ActiveCfg = Release|x86
		{A7275EC7-1101-4D9E-8796-7479035E7AE5}.Release|x64.ActiveCfg = Release|x86
		{A7275EC7-1101-4D9E-8796-7479035E7AE5}.Release|x86.ActiveCfg = Release|x86
		{A7275EC7-1101-4D9E-8796-7479035E7AE5}.Release|x86.Build.0 = Release|x86
		{AB348A06-F9EC-4B50-A96E-7D3DD6D907BB}.Debug|ARM.ActiveCfg = Debug|Any CPU
		{AB348A06-F9EC-4B50-A96E-7D3DD6D907BB}.Debug|Any CPU.ActiveCfg = Debug|Any CPU
		{AB348A06-F9EC-4B50-A96E-7D3DD6D907BB}.Debug|Any CPU.Build.0 = Debug|Any CPU
		{AB348A06-F9EC-4B50-A96E-7D3DD6D907BB}.Debug|Mixed Platforms.ActiveCfg = Debug|Any CPU
		{AB348A06-F9EC-4B50-A96E-7D3DD6D907BB}.Debug|Mixed Platforms.Build.0 = Debug|Any CPU
		{AB348A06-F9EC-4B50-A96E-7D3DD6D907BB}.Debug|Win32.ActiveCfg = Debug|Any CPU
		{AB348A06-F9EC-4B50-A96E-7D3DD6D907BB}.Debug|x64.ActiveCfg = Debug|Any CPU
		{AB348A06-F9EC-4B50-A96E-7D3DD6D907BB}.Debug|x86.ActiveCfg = Debug|Any CPU
		{AB348A06-F9EC-4B50-A96E-7D3DD6D907BB}.Release|ARM.ActiveCfg = Release|Any CPU
		{AB348A06-F9EC-4B50-A96E-7D3DD6D907BB}.Release|Any CPU.ActiveCfg = Release|Any CPU
		{AB348A06-F9EC-4B50-A96E-7D3DD6D907BB}.Release|Any CPU.Build.0 = Release|Any CPU
		{AB348A06-F9EC-4B50-A96E-7D3DD6D907BB}.Release|Mixed Platforms.ActiveCfg = Release|Any CPU
		{AB348A06-F9EC-4B50-A96E-7D3DD6D907BB}.Release|Mixed Platforms.Build.0 = Release|Any CPU
		{AB348A06-F9EC-4B50-A96E-7D3DD6D907BB}.Release|Win32.ActiveCfg = Release|Any CPU
		{AB348A06-F9EC-4B50-A96E-7D3DD6D907BB}.Release|x64.ActiveCfg = Release|Any CPU
		{AB348A06-F9EC-4B50-A96E-7D3DD6D907BB}.Release|x86.ActiveCfg = Release|Any CPU
		{AEC7D22E-756B-4679-B28E-5808848EF132}.Debug|ARM.ActiveCfg = Debug|x86
		{AEC7D22E-756B-4679-B28E-5808848EF132}.Debug|Any CPU.ActiveCfg = Debug|x86
		{AEC7D22E-756B-4679-B28E-5808848EF132}.Debug|Mixed Platforms.ActiveCfg = Debug|x86
		{AEC7D22E-756B-4679-B28E-5808848EF132}.Debug|Mixed Platforms.Build.0 = Debug|x86
		{AEC7D22E-756B-4679-B28E-5808848EF132}.Debug|Win32.ActiveCfg = Debug|x86
		{AEC7D22E-756B-4679-B28E-5808848EF132}.Debug|x64.ActiveCfg = Debug|x86
		{AEC7D22E-756B-4679-B28E-5808848EF132}.Debug|x86.ActiveCfg = Debug|x86
		{AEC7D22E-756B-4679-B28E-5808848EF132}.Debug|x86.Build.0 = Debug|x86
		{AEC7D22E-756B-4679-B28E-5808848EF132}.Release|ARM.ActiveCfg = Release|x86
		{AEC7D22E-756B-4679-B28E-5808848EF132}.Release|Any CPU.ActiveCfg = Release|x86
		{AEC7D22E-756B-4679-B28E-5808848EF132}.Release|Mixed Platforms.ActiveCfg = Release|x86
		{AEC7D22E-756B-4679-B28E-5808848EF132}.Release|Mixed Platforms.Build.0 = Release|x86
		{AEC7D22E-756B-4679-B28E-5808848EF132}.Release|Win32.ActiveCfg = Release|x86
		{AEC7D22E-756B-4679-B28E-5808848EF132}.Release|x64.ActiveCfg = Release|x86
		{AEC7D22E-756B-4679-B28E-5808848EF132}.Release|x86.ActiveCfg = Release|x86
		{AEC7D22E-756B-4679-B28E-5808848EF132}.Release|x86.Build.0 = Release|x86
		{B341EFC0-FEE4-4F2B-A4B5-D64F21C7F6F5}.Debug|ARM.ActiveCfg = Debug|Any CPU
		{B341EFC0-FEE4-4F2B-A4B5-D64F21C7F6F5}.Debug|Any CPU.ActiveCfg = Debug|Any CPU
		{B341EFC0-FEE4-4F2B-A4B5-D64F21C7F6F5}.Debug|Any CPU.Build.0 = Debug|Any CPU
		{B341EFC0-FEE4-4F2B-A4B5-D64F21C7F6F5}.Debug|Mixed Platforms.ActiveCfg = Debug|Any CPU
		{B341EFC0-FEE4-4F2B-A4B5-D64F21C7F6F5}.Debug|Mixed Platforms.Build.0 = Debug|Any CPU
		{B341EFC0-FEE4-4F2B-A4B5-D64F21C7F6F5}.Debug|Win32.ActiveCfg = Debug|Any CPU
		{B341EFC0-FEE4-4F2B-A4B5-D64F21C7F6F5}.Debug|x64.ActiveCfg = Debug|Any CPU
		{B341EFC0-FEE4-4F2B-A4B5-D64F21C7F6F5}.Debug|x86.ActiveCfg = Debug|Any CPU
		{B341EFC0-FEE4-4F2B-A4B5-D64F21C7F6F5}.Release|ARM.ActiveCfg = Release|Any CPU
		{B341EFC0-FEE4-4F2B-A4B5-D64F21C7F6F5}.Release|Any CPU.ActiveCfg = Release|Any CPU
		{B341EFC0-FEE4-4F2B-A4B5-D64F21C7F6F5}.Release|Any CPU.Build.0 = Release|Any CPU
		{B341EFC0-FEE4-4F2B-A4B5-D64F21C7F6F5}.Release|Mixed Platforms.ActiveCfg = Release|Any CPU
		{B341EFC0-FEE4-4F2B-A4B5-D64F21C7F6F5}.Release|Mixed Platforms.Build.0 = Release|Any CPU
		{B341EFC0-FEE4-4F2B-A4B5-D64F21C7F6F5}.Release|Win32.ActiveCfg = Release|Any CPU
		{B341EFC0-FEE4-4F2B-A4B5-D64F21C7F6F5}.Release|x64.ActiveCfg = Release|Any CPU
		{B341EFC0-FEE4-4F2B-A4B5-D64F21C7F6F5}.Release|x86.ActiveCfg = Release|Any CPU
		{C47AB646-986E-4EA5-B09D-6CBA602290E2}.Debug|ARM.ActiveCfg = Debug|x86
		{C47AB646-986E-4EA5-B09D-6CBA602290E2}.Debug|Any CPU.ActiveCfg = Debug|x86
		{C47AB646-986E-4EA5-B09D-6CBA602290E2}.Debug|Mixed Platforms.ActiveCfg = Debug|x86
		{C47AB646-986E-4EA5-B09D-6CBA602290E2}.Debug|Mixed Platforms.Build.0 = Debug|x86
		{C47AB646-986E-4EA5-B09D-6CBA602290E2}.Debug|Win32.ActiveCfg = Debug|x86
		{C47AB646-986E-4EA5-B09D-6CBA602290E2}.Debug|x64.ActiveCfg = Debug|x86
		{C47AB646-986E-4EA5-B09D-6CBA602290E2}.Debug|x86.ActiveCfg = Debug|x86
		{C47AB646-986E-4EA5-B09D-6CBA602290E2}.Debug|x86.Build.0 = Debug|x86
		{C47AB646-986E-4EA5-B09D-6CBA602290E2}.Release|ARM.ActiveCfg = Release|x86
		{C47AB646-986E-4EA5-B09D-6CBA602290E2}.Release|Any CPU.ActiveCfg = Release|x86
		{C47AB646-986E-4EA5-B09D-6CBA602290E2}.Release|Mixed Platforms.ActiveCfg = Release|x86
		{C47AB646-986E-4EA5-B09D-6CBA602290E2}.Release|Mixed Platforms.Build.0 = Release|x86
		{C47AB646-986E-4EA5-B09D-6CBA602290E2}.Release|Win32.ActiveCfg = Release|x86
		{C47AB646-986E-4EA5-B09D-6CBA602290E2}.Release|x64.ActiveCfg = Release|x86
		{C47AB646-986E-4EA5-B09D-6CBA602290E2}.Release|x86.ActiveCfg = Release|x86
		{C47AB646-986E-4EA5-B09D-6CBA602290E2}.Release|x86.Build.0 = Release|x86
		{CE20198E-6095-4BFC-B351-D2426081E687}.Debug|ARM.ActiveCfg = Debug|Any CPU
		{CE20198E-6095-4BFC-B351-D2426081E687}.Debug|Any CPU.ActiveCfg = Debug|Any CPU
		{CE20198E-6095-4BFC-B351-D2426081E687}.Debug|Any CPU.Build.0 = Debug|Any CPU
		{CE20198E-6095-4BFC-B351-D2426081E687}.Debug|Mixed Platforms.ActiveCfg = Debug|Any CPU
		{CE20198E-6095-4BFC-B351-D2426081E687}.Debug|Mixed Platforms.Build.0 = Debug|Any CPU
		{CE20198E-6095-4BFC-B351-D2426081E687}.Debug|Win32.ActiveCfg = Debug|Any CPU
		{CE20198E-6095-4BFC-B351-D2426081E687}.Debug|x64.ActiveCfg = Debug|Any CPU
		{CE20198E-6095-4BFC-B351-D2426081E687}.Debug|x86.ActiveCfg = Debug|Any CPU
		{CE20198E-6095-4BFC-B351-D2426081E687}.Release|ARM.ActiveCfg = Release|Any CPU
		{CE20198E-6095-4BFC-B351-D2426081E687}.Release|Any CPU.ActiveCfg = Release|Any CPU
		{CE20198E-6095-4BFC-B351-D2426081E687}.Release|Any CPU.Build.0 = Release|Any CPU
		{CE20198E-6095-4BFC-B351-D2426081E687}.Release|Mixed Platforms.ActiveCfg = Release|Any CPU
		{CE20198E-6095-4BFC-B351-D2426081E687}.Release|Mixed Platforms.Build.0 = Release|Any CPU
		{CE20198E-6095-4BFC-B351-D2426081E687}.Release|Win32.ActiveCfg = Release|Any CPU
		{CE20198E-6095-4BFC-B351-D2426081E687}.Release|x64.ActiveCfg = Release|Any CPU
		{CE20198E-6095-4BFC-B351-D2426081E687}.Release|x86.ActiveCfg = Release|Any CPU
		{D2BA9EC8-9B76-4441-8E58-1102788407BE}.Debug|ARM.ActiveCfg = Debug|x86
		{D2BA9EC8-9B76-4441-8E58-1102788407BE}.Debug|Any CPU.ActiveCfg = Debug|x86
		{D2BA9EC8-9B76-4441-8E58-1102788407BE}.Debug|Mixed Platforms.ActiveCfg = Debug|x86
		{D2BA9EC8-9B76-4441-8E58-1102788407BE}.Debug|Mixed Platforms.Build.0 = Debug|x86
		{D2BA9EC8-9B76-4441-8E58-1102788407BE}.Debug|Win32.ActiveCfg = Debug|x86
		{D2BA9EC8-9B76-4441-8E58-1102788407BE}.Debug|x64.ActiveCfg = Debug|x86
		{D2BA9EC8-9B76-4441-8E58-1102788407BE}.Debug|x86.ActiveCfg = Debug|x86
		{D2BA9EC8-9B76-4441-8E58-1102788407BE}.Debug|x86.Build.0 = Debug|x86
		{D2BA9EC8-9B76-4441-8E58-1102788407BE}.Release|ARM.ActiveCfg = Release|x86
		{D2BA9EC8-9B76-4441-8E58-1102788407BE}.Release|Any CPU.ActiveCfg = Release|x86
		{D2BA9EC8-9B76-4441-8E58-1102788407BE}.Release|Mixed Platforms.ActiveCfg = Release|x86
		{D2BA9EC8-9B76-4441-8E58-1102788407BE}.Release|Mixed Platforms.Build.0 = Release|x86
		{D2BA9EC8-9B76-4441-8E58-1102788407BE}.Release|Win32.ActiveCfg = Release|x86
		{D2BA9EC8-9B76-4441-8E58-1102788407BE}.Release|x64.ActiveCfg = Release|x86
		{D2BA9EC8-9B76-4441-8E58-1102788407BE}.Release|x86.ActiveCfg = Release|x86
		{D2BA9EC8-9B76-4441-8E58-1102788407BE}.Release|x86.Build.0 = Release|x86
		{D2FF3909-FD50-4B2B-A764-6B4FC0FDE6A2}.Debug|ARM.ActiveCfg = Debug|x86
		{D2FF3909-FD50-4B2B-A764-6B4FC0FDE6A2}.Debug|Any CPU.ActiveCfg = Debug|x86
		{D2FF3909-FD50-4B2B-A764-6B4FC0FDE6A2}.Debug|Mixed Platforms.ActiveCfg = Debug|x86
		{D2FF3909-FD50-4B2B-A764-6B4FC0FDE6A2}.Debug|Mixed Platforms.Build.0 = Debug|x86
		{D2FF3909-FD50-4B2B-A764-6B4FC0FDE6A2}.Debug|Win32.ActiveCfg = Debug|x86
		{D2FF3909-FD50-4B2B-A764-6B4FC0FDE6A2}.Debug|x64.ActiveCfg = Debug|x86
		{D2FF3909-FD50-4B2B-A764-6B4FC0FDE6A2}.Debug|x86.ActiveCfg = Debug|x86
		{D2FF3909-FD50-4B2B-A764-6B4FC0FDE6A2}.Debug|x86.Build.0 = Debug|x86
		{D2FF3909-FD50-4B2B-A764-6B4FC0FDE6A2}.Release|ARM.ActiveCfg = Release|x86
		{D2FF3909-FD50-4B2B-A764-6B4FC0FDE6A2}.Release|Any CPU.ActiveCfg = Release|x86
		{D2FF3909-FD50-4B2B-A764-6B4FC0FDE6A2}.Release|Mixed Platforms.ActiveCfg = Release|x86
		{D2FF3909-FD50-4B2B-A764-6B4FC0FDE6A2}.Release|Mixed Platforms.Build.0 = Release|x86
		{D2FF3909-FD50-4B2B-A764-6B4FC0FDE6A2}.Release|Win32.ActiveCfg = Release|x86
		{D2FF3909-FD50-4B2B-A764-6B4FC0FDE6A2}.Release|x64.ActiveCfg = Release|x86
		{D2FF3909-FD50-4B2B-A764-6B4FC0FDE6A2}.Release|x86.ActiveCfg = Release|x86
		{D2FF3909-FD50-4B2B-A764-6B4FC0FDE6A2}.Release|x86.Build.0 = Release|x86
		{D3DFAFDC-A040-4959-B43F-64AB03CB0181}.Debug|ARM.ActiveCfg = Debug|Any CPU
		{D3DFAFDC-A040-4959-B43F-64AB03CB0181}.Debug|Any CPU.ActiveCfg = Debug|Any CPU
		{D3DFAFDC-A040-4959-B43F-64AB03CB0181}.Debug|Any CPU.Build.0 = Debug|Any CPU
		{D3DFAFDC-A040-4959-B43F-64AB03CB0181}.Debug|Mixed Platforms.ActiveCfg = Debug|Any CPU
		{D3DFAFDC-A040-4959-B43F-64AB03CB0181}.Debug|Mixed Platforms.Build.0 = Debug|Any CPU
		{D3DFAFDC-A040-4959-B43F-64AB03CB0181}.Debug|Win32.ActiveCfg = Debug|Any CPU
		{D3DFAFDC-A040-4959-B43F-64AB03CB0181}.Debug|x64.ActiveCfg = Debug|Any CPU
		{D3DFAFDC-A040-4959-B43F-64AB03CB0181}.Debug|x86.ActiveCfg = Debug|Any CPU
		{D3DFAFDC-A040-4959-B43F-64AB03CB0181}.Release|ARM.ActiveCfg = Release|Any CPU
		{D3DFAFDC-A040-4959-B43F-64AB03CB0181}.Release|Any CPU.ActiveCfg = Release|Any CPU
		{D3DFAFDC-A040-4959-B43F-64AB03CB0181}.Release|Any CPU.Build.0 = Release|Any CPU
		{D3DFAFDC-A040-4959-B43F-64AB03CB0181}.Release|Mixed Platforms.ActiveCfg = Release|Any CPU
		{D3DFAFDC-A040-4959-B43F-64AB03CB0181}.Release|Mixed Platforms.Build.0 = Release|Any CPU
		{D3DFAFDC-A040-4959-B43F-64AB03CB0181}.Release|Win32.ActiveCfg = Release|Any CPU
		{D3DFAFDC-A040-4959-B43F-64AB03CB0181}.Release|x64.ActiveCfg = Release|Any CPU
		{D3DFAFDC-A040-4959-B43F-64AB03CB0181}.Release|x86.ActiveCfg = Release|Any CPU
		{D8B65EF3-851D-4BE0-BBB5-5C0D586F7EA7}.Debug|ARM.ActiveCfg = Debug|Any CPU
		{D8B65EF3-851D-4BE0-BBB5-5C0D586F7EA7}.Debug|Any CPU.ActiveCfg = Debug|Any CPU
		{D8B65EF3-851D-4BE0-BBB5-5C0D586F7EA7}.Debug|Any CPU.Build.0 = Debug|Any CPU
		{D8B65EF3-851D-4BE0-BBB5-5C0D586F7EA7}.Debug|Mixed Platforms.ActiveCfg = Debug|Any CPU
		{D8B65EF3-851D-4BE0-BBB5-5C0D586F7EA7}.Debug|Mixed Platforms.Build.0 = Debug|Any CPU
		{D8B65EF3-851D-4BE0-BBB5-5C0D586F7EA7}.Debug|Win32.ActiveCfg = Debug|Any CPU
		{D8B65EF3-851D-4BE0-BBB5-5C0D586F7EA7}.Debug|x64.ActiveCfg = Debug|Any CPU
		{D8B65EF3-851D-4BE0-BBB5-5C0D586F7EA7}.Debug|x86.ActiveCfg = Debug|Any CPU
		{D8B65EF3-851D-4BE0-BBB5-5C0D586F7EA7}.Release|ARM.ActiveCfg = Release|Any CPU
		{D8B65EF3-851D-4BE0-BBB5-5C0D586F7EA7}.Release|Any CPU.ActiveCfg = Release|Any CPU
		{D8B65EF3-851D-4BE0-BBB5-5C0D586F7EA7}.Release|Any CPU.Build.0 = Release|Any CPU
		{D8B65EF3-851D-4BE0-BBB5-5C0D586F7EA7}.Release|Mixed Platforms.ActiveCfg = Release|Any CPU
		{D8B65EF3-851D-4BE0-BBB5-5C0D586F7EA7}.Release|Mixed Platforms.Build.0 = Release|Any CPU
		{D8B65EF3-851D-4BE0-BBB5-5C0D586F7EA7}.Release|Win32.ActiveCfg = Release|Any CPU
		{D8B65EF3-851D-4BE0-BBB5-5C0D586F7EA7}.Release|x64.ActiveCfg = Release|Any CPU
		{D8B65EF3-851D-4BE0-BBB5-5C0D586F7EA7}.Release|x86.ActiveCfg = Release|Any CPU
		{D9D7A4D1-AFD3-4448-B7B1-291AA3FA6F1D}.Debug|ARM.ActiveCfg = Debug|Any CPU
		{D9D7A4D1-AFD3-4448-B7B1-291AA3FA6F1D}.Debug|Any CPU.ActiveCfg = Debug|Any CPU
		{D9D7A4D1-AFD3-4448-B7B1-291AA3FA6F1D}.Debug|Any CPU.Build.0 = Debug|Any CPU
		{D9D7A4D1-AFD3-4448-B7B1-291AA3FA6F1D}.Debug|Mixed Platforms.ActiveCfg = Debug|Any CPU
		{D9D7A4D1-AFD3-4448-B7B1-291AA3FA6F1D}.Debug|Mixed Platforms.Build.0 = Debug|Any CPU
		{D9D7A4D1-AFD3-4448-B7B1-291AA3FA6F1D}.Debug|Win32.ActiveCfg = Debug|Any CPU
		{D9D7A4D1-AFD3-4448-B7B1-291AA3FA6F1D}.Debug|x64.ActiveCfg = Debug|Any CPU
		{D9D7A4D1-AFD3-4448-B7B1-291AA3FA6F1D}.Debug|x86.ActiveCfg = Debug|Any CPU
		{D9D7A4D1-AFD3-4448-B7B1-291AA3FA6F1D}.Release|ARM.ActiveCfg = Release|Any CPU
		{D9D7A4D1-AFD3-4448-B7B1-291AA3FA6F1D}.Release|Any CPU.ActiveCfg = Release|Any CPU
		{D9D7A4D1-AFD3-4448-B7B1-291AA3FA6F1D}.Release|Any CPU.Build.0 = Release|Any CPU
		{D9D7A4D1-AFD3-4448-B7B1-291AA3FA6F1D}.Release|Mixed Platforms.ActiveCfg = Release|Any CPU
		{D9D7A4D1-AFD3-4448-B7B1-291AA3FA6F1D}.Release|Mixed Platforms.Build.0 = Release|Any CPU
		{D9D7A4D1-AFD3-4448-B7B1-291AA3FA6F1D}.Release|Win32.ActiveCfg = Release|Any CPU
		{D9D7A4D1-AFD3-4448-B7B1-291AA3FA6F1D}.Release|x64.ActiveCfg = Release|Any CPU
		{D9D7A4D1-AFD3-4448-B7B1-291AA3FA6F1D}.Release|x86.ActiveCfg = Release|Any CPU
		{E64BE8E6-5BF2-411C-BFFA-D7ED0470E009}.Debug|ARM.ActiveCfg = Debug|x86
		{E64BE8E6-5BF2-411C-BFFA-D7ED0470E009}.Debug|Any CPU.ActiveCfg = Debug|x86
		{E64BE8E6-5BF2-411C-BFFA-D7ED0470E009}.Debug|Mixed Platforms.ActiveCfg = Debug|x86
		{E64BE8E6-5BF2-411C-BFFA-D7ED0470E009}.Debug|Mixed Platforms.Build.0 = Debug|x86
		{E64BE8E6-5BF2-411C-BFFA-D7ED0470E009}.Debug|Win32.ActiveCfg = Debug|x86
		{E64BE8E6-5BF2-411C-BFFA-D7ED0470E009}.Debug|x64.ActiveCfg = Debug|x86
		{E64BE8E6-5BF2-411C-BFFA-D7ED0470E009}.Debug|x86.ActiveCfg = Debug|x86
		{E64BE8E6-5BF2-411C-BFFA-D7ED0470E009}.Debug|x86.Build.0 = Debug|x86
		{E64BE8E6-5BF2-411C-BFFA-D7ED0470E009}.Release|ARM.ActiveCfg = Release|x86
		{E64BE8E6-5BF2-411C-BFFA-D7ED0470E009}.Release|Any CPU.ActiveCfg = Release|x86
		{E64BE8E6-5BF2-411C-BFFA-D7ED0470E009}.Release|Mixed Platforms.ActiveCfg = Release|x86
		{E64BE8E6-5BF2-411C-BFFA-D7ED0470E009}.Release|Mixed Platforms.Build.0 = Release|x86
		{E64BE8E6-5BF2-411C-BFFA-D7ED0470E009}.Release|Win32.ActiveCfg = Release|x86
		{E64BE8E6-5BF2-411C-BFFA-D7ED0470E009}.Release|x64.ActiveCfg = Release|x86
		{E64BE8E6-5BF2-411C-BFFA-D7ED0470E009}.Release|x86.ActiveCfg = Release|x86
		{E64BE8E6-5BF2-411C-BFFA-D7ED0470E009}.Release|x86.Build.0 = Release|x86
		{F6E2F875-FA2A-4263-BAC7-103BDD2DBFD0}.Debug|ARM.ActiveCfg = Debug|Any CPU
		{F6E2F875-FA2A-4263-BAC7-103BDD2DBFD0}.Debug|Any CPU.ActiveCfg = Debug|Any CPU
		{F6E2F875-FA2A-4263-BAC7-103BDD2DBFD0}.Debug|Any CPU.Build.0 = Debug|Any CPU
		{F6E2F875-FA2A-4263-BAC7-103BDD2DBFD0}.Debug|Mixed Platforms.ActiveCfg = Debug|Any CPU
		{F6E2F875-FA2A-4263-BAC7-103BDD2DBFD0}.Debug|Mixed Platforms.Build.0 = Debug|Any CPU
		{F6E2F875-FA2A-4263-BAC7-103BDD2DBFD0}.Debug|Win32.ActiveCfg = Debug|Any CPU
		{F6E2F875-FA2A-4263-BAC7-103BDD2DBFD0}.Debug|x64.ActiveCfg = Debug|Any CPU
		{F6E2F875-FA2A-4263-BAC7-103BDD2DBFD0}.Debug|x86.ActiveCfg = Debug|Any CPU
		{F6E2F875-FA2A-4263-BAC7-103BDD2DBFD0}.Release|ARM.ActiveCfg = Release|Any CPU
		{F6E2F875-FA2A-4263-BAC7-103BDD2DBFD0}.Release|Any CPU.ActiveCfg = Release|Any CPU
		{F6E2F875-FA2A-4263-BAC7-103BDD2DBFD0}.Release|Any CPU.Build.0 = Release|Any CPU
		{F6E2F875-FA2A-4263-BAC7-103BDD2DBFD0}.Release|Mixed Platforms.ActiveCfg = Release|Any CPU
		{F6E2F875-FA2A-4263-BAC7-103BDD2DBFD0}.Release|Mixed Platforms.Build.0 = Release|Any CPU
		{F6E2F875-FA2A-4263-BAC7-103BDD2DBFD0}.Release|Win32.ActiveCfg = Release|Any CPU
		{F6E2F875-FA2A-4263-BAC7-103BDD2DBFD0}.Release|x64.ActiveCfg = Release|Any CPU
		{F6E2F875-FA2A-4263-BAC7-103BDD2DBFD0}.Release|x86.ActiveCfg = Release|Any CPU
		{F76BDAF3-6A76-415D-B3BB-CD14E7AE1AFD}.Debug|ARM.ActiveCfg = Debug|Any CPU
		{F76BDAF3-6A76-415D-B3BB-CD14E7AE1AFD}.Debug|Any CPU.ActiveCfg = Debug|Any CPU
		{F76BDAF3-6A76-415D-B3BB-CD14E7AE1AFD}.Debug|Any CPU.Build.0 = Debug|Any CPU
		{F76BDAF3-6A76-415D-B3BB-CD14E7AE1AFD}.Debug|Mixed Platforms.ActiveCfg = Debug|Any CPU
		{F76BDAF3-6A76-415D-B3BB-CD14E7AE1AFD}.Debug|Mixed Platforms.Build.0 = Debug|Any CPU
		{F76BDAF3-6A76-415D-B3BB-CD14E7AE1AFD}.Debug|Win32.ActiveCfg = Debug|Any CPU
		{F76BDAF3-6A76-415D-B3BB-CD14E7AE1AFD}.Debug|x64.ActiveCfg = Debug|Any CPU
		{F76BDAF3-6A76-415D-B3BB-CD14E7AE1AFD}.Debug|x86.ActiveCfg = Debug|Any CPU
		{F76BDAF3-6A76-415D-B3BB-CD14E7AE1AFD}.Release|ARM.ActiveCfg = Release|Any CPU
		{F76BDAF3-6A76-415D-B3BB-CD14E7AE1AFD}.Release|Any CPU.ActiveCfg = Release|Any CPU
		{F76BDAF3-6A76-415D-B3BB-CD14E7AE1AFD}.Release|Any CPU.Build.0 = Release|Any CPU
		{F76BDAF3-6A76-415D-B3BB-CD14E7AE1AFD}.Release|Mixed Platforms.ActiveCfg = Release|Any CPU
		{F76BDAF3-6A76-415D-B3BB-CD14E7AE1AFD}.Release|Mixed Platforms.Build.0 = Release|Any CPU
		{F76BDAF3-6A76-415D-B3BB-CD14E7AE1AFD}.Release|Win32.ActiveCfg = Release|Any CPU
		{F76BDAF3-6A76-415D-B3BB-CD14E7AE1AFD}.Release|x64.ActiveCfg = Release|Any CPU
		{F76BDAF3-6A76-415D-B3BB-CD14E7AE1AFD}.Release|x86.ActiveCfg = Release|Any CPU
		{FAFD6BEE-33F3-476B-9F86-5D054C7CA219}.Debug|ARM.ActiveCfg = Debug|Any CPU
		{FAFD6BEE-33F3-476B-9F86-5D054C7CA219}.Debug|Any CPU.ActiveCfg = Debug|Any CPU
		{FAFD6BEE-33F3-476B-9F86-5D054C7CA219}.Debug|Any CPU.Build.0 = Debug|Any CPU
		{FAFD6BEE-33F3-476B-9F86-5D054C7CA219}.Debug|Mixed Platforms.ActiveCfg = Debug|Any CPU
		{FAFD6BEE-33F3-476B-9F86-5D054C7CA219}.Debug|Mixed Platforms.Build.0 = Debug|Any CPU
		{FAFD6BEE-33F3-476B-9F86-5D054C7CA219}.Debug|Win32.ActiveCfg = Debug|Any CPU
		{FAFD6BEE-33F3-476B-9F86-5D054C7CA219}.Debug|x64.ActiveCfg = Debug|Any CPU
		{FAFD6BEE-33F3-476B-9F86-5D054C7CA219}.Debug|x86.ActiveCfg = Debug|Any CPU
		{FAFD6BEE-33F3-476B-9F86-5D054C7CA219}.Release|ARM.ActiveCfg = Release|Any CPU
		{FAFD6BEE-33F3-476B-9F86-5D054C7CA219}.Release|Any CPU.ActiveCfg = Release|Any CPU
		{FAFD6BEE-33F3-476B-9F86-5D054C7CA219}.Release|Any CPU.Build.0 = Release|Any CPU
		{FAFD6BEE-33F3-476B-9F86-5D054C7CA219}.Release|Mixed Platforms.ActiveCfg = Release|Any CPU
		{FAFD6BEE-33F3-476B-9F86-5D054C7CA219}.Release|Mixed Platforms.Build.0 = Release|Any CPU
		{FAFD6BEE-33F3-476B-9F86-5D054C7CA219}.Release|Win32.ActiveCfg = Release|Any CPU
		{FAFD6BEE-33F3-476B-9F86-5D054C7CA219}.Release|x64.ActiveCfg = Release|Any CPU
		{FAFD6BEE-33F3-476B-9F86-5D054C7CA219}.Release|x86.ActiveCfg = Release|Any CPU
	EndGlobalSection
	GlobalSection(SolutionProperties) = preSolution
		HideSolutionNode = FALSE
	EndGlobalSection
	GlobalSection(NestedProjects) = preSolution
		{03634A5F-09FF-47D5-8BAF-3430B87561D8} = {61A46D98-2831-4C5A-8BF3-96274F684D0A}
		{09882A1C-87D3-4844-9EC9-A6CA8B961199} = {BF36391F-5AED-4553-98F3-58FE4419D8DA}
		{0E9D85EC-4CD2-49B1-BBF0-DED41BB419A9} = {BF36391F-5AED-4553-98F3-58FE4419D8DA}
		{124DDBD4-517F-4BCE-B043-AA1D8800EB80} = {61A46D98-2831-4C5A-8BF3-96274F684D0A}
		{1B6DDBC3-B59F-4150-9720-A6C1705ECF11} = {BF36391F-5AED-4553-98F3-58FE4419D8DA}
		{1CB88E45-6870-4854-9BDD-2A03799775B4} = {BF36391F-5AED-4553-98F3-58FE4419D8DA}
		{1D2BF940-7E79-44C2-9F82-C549470F2B68} = {EAB312D4-CDBB-440D-92B1-9ACC5876AD3C}
		{2237152B-00AF-472B-81EC-3AA23A3FF698} = {BD9D1013-679A-429B-827A-8D97B822C600}
		{2CFFF3F7-AA6F-46F1-A70A-F9917002C607} = {EAB312D4-CDBB-440D-92B1-9ACC5876AD3C}
		{2E28E8B5-620F-465A-9D8F-D9FAE8AF97F4} = {BF36391F-5AED-4553-98F3-58FE4419D8DA}
		{37271C44-FEEE-48C0-9FB7-CF777D5062DF} = {EAB312D4-CDBB-440D-92B1-9ACC5876AD3C}
		{4A8F9C1D-B97B-420D-8436-5CA641A0FB2C} = {BF36391F-5AED-4553-98F3-58FE4419D8DA}
		{56AA0815-65DC-4CCE-81F5-E9146C9B3726} = {BD9D1013-679A-429B-827A-8D97B822C600}
		{65719739-D936-4B94-8654-9EF46B835C69} = {087EDDCD-984F-43FF-8BC9-013EC581F4CA}
		{66FF2B7A-4B2D-4879-A151-659610686371} = {EAB312D4-CDBB-440D-92B1-9ACC5876AD3C}
		{6A0E4BED-2E12-413F-801F-7E02ACA50D45} = {BD9D1013-679A-429B-827A-8D97B822C600}
		{6A10F850-1EB0-4E6D-AA7C-4A15A79DF5BA} = {BF36391F-5AED-4553-98F3-58FE4419D8DA}
		{7FD131AD-4A04-4127-99D2-50E5835D6DE5} = {BF36391F-5AED-4553-98F3-58FE4419D8DA}
		{8574B0B4-C843-40D7-A6F9-66EB8F4F613D} = {EAB312D4-CDBB-440D-92B1-9ACC5876AD3C}
		{8A705576-BC44-461E-995C-5A296DC93CEB} = {BF36391F-5AED-4553-98F3-58FE4419D8DA}
		{8FABA5DA-DF09-4A97-86B1-EEF2DB24D36E} = {61A46D98-2831-4C5A-8BF3-96274F684D0A}
		{90E62D22-181E-4028-9EC1-54E890CA8018} = {61A46D98-2831-4C5A-8BF3-96274F684D0A}
		{9B2DE75B-6430-4549-BD33-7A7DABCC8556} = {BF36391F-5AED-4553-98F3-58FE4419D8DA}
		{9F1DEF08-0BF2-4D91-8DB5-658CC1297DA2} = {BD9D1013-679A-429B-827A-8D97B822C600}
		{A6983BC1-0D5A-487A-AE8E-C33F3FE79853} = {BF36391F-5AED-4553-98F3-58FE4419D8DA}
		{A7275EC7-1101-4D9E-8796-7479035E7AE5} = {087EDDCD-984F-43FF-8BC9-013EC581F4CA}
		{AB348A06-F9EC-4B50-A96E-7D3DD6D907BB} = {BD9D1013-679A-429B-827A-8D97B822C600}
		{AC5A77E7-5C95-4776-A668-ACA75FEAE4ED} = {61A46D98-2831-4C5A-8BF3-96274F684D0A}
		{AEC7D22E-756B-4679-B28E-5808848EF132} = {EAB312D4-CDBB-440D-92B1-9ACC5876AD3C}
		{B341EFC0-FEE4-4F2B-A4B5-D64F21C7F6F5} = {BD9D1013-679A-429B-827A-8D97B822C600}
		{C47AB646-986E-4EA5-B09D-6CBA602290E2} = {087EDDCD-984F-43FF-8BC9-013EC581F4CA}
		{CE20198E-6095-4BFC-B351-D2426081E687} = {61A46D98-2831-4C5A-8BF3-96274F684D0A}
		{D2BA9EC8-9B76-4441-8E58-1102788407BE} = {087EDDCD-984F-43FF-8BC9-013EC581F4CA}
		{D2FF3909-FD50-4B2B-A764-6B4FC0FDE6A2} = {087EDDCD-984F-43FF-8BC9-013EC581F4CA}
		{D3DFAFDC-A040-4959-B43F-64AB03CB0181} = {EAB312D4-CDBB-440D-92B1-9ACC5876AD3C}
		{D8B65EF3-851D-4BE0-BBB5-5C0D586F7EA7} = {EAB312D4-CDBB-440D-92B1-9ACC5876AD3C}
		{D9D7A4D1-AFD3-4448-B7B1-291AA3FA6F1D} = {BF36391F-5AED-4553-98F3-58FE4419D8DA}
		{E64BE8E6-5BF2-411C-BFFA-D7ED0470E009} = {EAB312D4-CDBB-440D-92B1-9ACC5876AD3C}
		{F6E2F875-FA2A-4263-BAC7-103BDD2DBFD0} = {BF36391F-5AED-4553-98F3-58FE4419D8DA}
		{F76BDAF3-6A76-415D-B3BB-CD14E7AE1AFD} = {BF36391F-5AED-4553-98F3-58FE4419D8DA}
		{FAFD6BEE-33F3-476B-9F86-5D054C7CA219} = {EAB312D4-CDBB-440D-92B1-9ACC5876AD3C}
	EndGlobalSection
EndGlobal
